PODS:
  - Alamofire (4.8.0)
  - AssetsPickerViewController (2.5.5):
    - Device
    - Dimmer
    - FadeView
    - PureLayout
    - SnapKit
    - SwiftARGB
    - TinyLog
  - AWSCognitoIdentityProvider (2.8.1):
    - AWSCognitoIdentityProviderASF (= 1.0.1)
    - AWSCore (= 2.8.1)
  - AWSCognitoIdentityProviderASF (1.0.1)
  - AWSCore (2.8.1)
  - Device (3.1.2)
  - Dimmer (2.2.0):
    - FadeView (~> 2.0)
    - SnapKit
    - UIViewKVO (~> 2.0)
  - FadeView (2.0.0)
  - PureLayout (3.1.4)
  - SnapKit (4.2.0)
  - SwiftARGB (2.0.0)
  - SwiftyJSON (4.2.0)
  - TinyLog (2.0.7)
  - UIViewKVO (2.0.0)

DEPENDENCIES:
  - Alamofire (~> 4.0)
  - AssetsPickerViewController (~> 2.0)
  - AWSCognitoIdentityProvider (~> 2.8.0)
  - AWSCore (~> 2.8.0)
  - SwiftyJSON

SPEC REPOS:
  https://github.com/cocoapods/specs.git:
    - Alamofire
    - AssetsPickerViewController
    - AWSCognitoIdentityProvider
    - AWSCognitoIdentityProviderASF
    - AWSCore
    - Device
    - Dimmer
    - FadeView
    - PureLayout
    - SnapKit
    - SwiftARGB
    - SwiftyJSON
    - TinyLog
    - UIViewKVO

SPEC CHECKSUMS:
  Alamofire: 3ec537f71edc9804815215393ae2b1a8ea33a844
  AssetsPickerViewController: 3be5ccae49ef429d31de33fbdc2fd1e6cd63babe
  AWSCognitoIdentityProvider: 31885b28f77955ed30b29b57bc658f170bdc44da
  AWSCognitoIdentityProviderASF: f94f1a502e72ef3d0a1de93e10bf7a79c8698118
  AWSCore: f17db38a5f8bceb217a19d58d8755bbb6f5ddb3c
  Device: 62242076214c30fb5760174b3601cefafa70a481
  Dimmer: 55721e2f218f965474b8319d4457ed76e5e59ef0
  FadeView: 80197da2fbee5382b178127e8c5f988a35eef018
  PureLayout: f08c01b8dec00bb14a1fefa3de4c7d9c265df85e
  SnapKit: fe8a619752f3f27075cc9a90244d75c6c3f27e2a
  SwiftARGB: 8727cfcdcfe8709e707a2391f1d5802a7c40dcad
  SwiftyJSON: c4bcba26dd9ec7a027fc8eade48e2c911f229e96
  TinyLog: 073a9abfd44a944886d5d07aa49cbba5ef192335
  UIViewKVO: 091f9e020d69e73c4bf5e5ef61cde7bff1c24bbf

PODFILE CHECKSUM: 3bcc91e9c60fc011d3922cca7e8dc796d410bb6b

COCOAPODS: 1.5.3
