// !$*UTF8*$!
{
	archiveVersion = 1;
	classes = {
	};
	objectVersion = 51;
	objects = {

/* Begin PBXBuildFile section */
		4010AD7A25FF44A80048D5F7 /* CircleCheckBox.swift in Sources */ = {isa = PBXBuildFile; fileRef = 4010AD7925FF44A80048D5F7 /* CircleCheckBox.swift */; };
		4010AD8025FF4E650048D5F7 /* AddNewTagViewController.swift in Sources */ = {isa = PBXBuildFile; fileRef = 4010AD7F25FF4E650048D5F7 /* AddNewTagViewController.swift */; };
		401B3F1B21E5FB8400509EF2 /* UploadsViewController.swift in Sources */ = {isa = PBXBuildFile; fileRef = 401B3F1A21E5FB8400509EF2 /* UploadsViewController.swift */; };
		4033274621F0A00D007EE9DF /* Project+CoreDataClass.swift in Sources */ = {isa = PBXBuildFile; fileRef = 4033274521F0A00D007EE9DF /* Project+CoreDataClass.swift */; };
		4033274821F0A016007EE9DF /* Project+CoreDataProperties.swift in Sources */ = {isa = PBXBuildFile; fileRef = 4033274721F0A016007EE9DF /* Project+CoreDataProperties.swift */; };
		4033274A21F5B52D007EE9DF /* SettingsViewController.swift in Sources */ = {isa = PBXBuildFile; fileRef = 4033274921F5B52D007EE9DF /* SettingsViewController.swift */; };
		4033274C21F5BE87007EE9DF /* SettingsTableViewCell.swift in Sources */ = {isa = PBXBuildFile; fileRef = 4033274B21F5BE87007EE9DF /* SettingsTableViewCell.swift */; };
		403EEAAA25E63C7D00EB151B /* ReCAPTCHAViewController.swift in Sources */ = {isa = PBXBuildFile; fileRef = 403EEAA925E63C7D00EB151B /* ReCAPTCHAViewController.swift */; };
		403EEAAE25E63DB300EB151B /* ReCAPTCHAViewModel.swift in Sources */ = {isa = PBXBuildFile; fileRef = 403EEAAD25E63DB300EB151B /* ReCAPTCHAViewModel.swift */; };
		403EEAB525E63E5C00EB151B /* recaptcha.html in Resources */ = {isa = PBXBuildFile; fileRef = 403EEAB325E63E3D00EB151B /* recaptcha.html */; };
		4047811621EC820C006987B4 /* Constants.swift in Sources */ = {isa = PBXBuildFile; fileRef = 4047811521EC820C006987B4 /* Constants.swift */; };
		4054ED47260F3C180045A1C0 /* CompletedUploadsTableViewCell.swift in Sources */ = {isa = PBXBuildFile; fileRef = 4054ED46260F3C180045A1C0 /* CompletedUploadsTableViewCell.swift */; };
		405738DB2610864B00C3EC78 /* BouncingProgressView.swift in Sources */ = {isa = PBXBuildFile; fileRef = 405738DA2610864B00C3EC78 /* BouncingProgressView.swift */; };
		40615ADB25E1443300D4E079 /* site_snap_logo.png in Resources */ = {isa = PBXBuildFile; fileRef = 40615ADA25E1443300D4E079 /* site_snap_logo.png */; };
		40747BE925EA5F080009BFDE /* RoundCheckBox.swift in Sources */ = {isa = PBXBuildFile; fileRef = 40747BE825EA5F080009BFDE /* RoundCheckBox.swift */; };
		407C5C0325E4E1B0003C4276 /* SignUpViewController.swift in Sources */ = {isa = PBXBuildFile; fileRef = 407C5C0225E4E1B0003C4276 /* SignUpViewController.swift */; };
		4095FBE921F071A7008A39D4 /* ProjectHandler.swift in Sources */ = {isa = PBXBuildFile; fileRef = 4095FBE821F071A7008A39D4 /* ProjectHandler.swift */; };
		409ABECC25E78E2A00C17E1E /* ProjectsListViewController.swift in Sources */ = {isa = PBXBuildFile; fileRef = 409ABECB25E78E2A00C17E1E /* ProjectsListViewController.swift */; };
		409ABED025E7A11200C17E1E /* ProjectTableViewCell.swift in Sources */ = {isa = PBXBuildFile; fileRef = 409ABECF25E7A11200C17E1E /* ProjectTableViewCell.swift */; };
		40A4E95625EB880400FEE564 /* NewProjectViewController.swift in Sources */ = {isa = PBXBuildFile; fileRef = 40A4E95525EB880400FEE564 /* NewProjectViewController.swift */; };
		40B296BA21CCD87300A3C487 /* PhotosViewController.swift in Sources */ = {isa = PBXBuildFile; fileRef = 40B296B921CCD87300A3C487 /* PhotosViewController.swift */; };
		40B296BC21CCE5A000A3C487 /* Slide.swift in Sources */ = {isa = PBXBuildFile; fileRef = 40B296BB21CCE5A000A3C487 /* Slide.swift */; };
		40B296BF21CCE61B00A3C487 /* Slide.xib in Resources */ = {isa = PBXBuildFile; fileRef = 40B296BE21CCE61B00A3C487 /* Slide.xib */; };
		40B9656121CA7240004A383D /* LocationManager.swift in Sources */ = {isa = PBXBuildFile; fileRef = 40B9656021CA7240004A383D /* LocationManager.swift */; };
		40C9F87A26072DAC00F69253 /* Annotation_v2.xib in Resources */ = {isa = PBXBuildFile; fileRef = 40C9F87926072DAC00F69253 /* Annotation_v2.xib */; };
		40C9F87D26072F4500F69253 /* Annotation_V2.swift in Sources */ = {isa = PBXBuildFile; fileRef = 40C9F87C26072F4500F69253 /* Annotation_V2.swift */; };
		40D025E325FDFCA600E660D0 /* BrowseTagsViewController.swift in Sources */ = {isa = PBXBuildFile; fileRef = 40D025E225FDFCA600E660D0 /* BrowseTagsViewController.swift */; };
		40D025E625FE798C00E660D0 /* TagCell1TableViewCell.swift in Sources */ = {isa = PBXBuildFile; fileRef = 40D025E525FE798C00E660D0 /* TagCell1TableViewCell.swift */; };
		40D025E925FE79A100E660D0 /* TagCell2TableViewCell.swift in Sources */ = {isa = PBXBuildFile; fileRef = 40D025E825FE79A100E660D0 /* TagCell2TableViewCell.swift */; };
		40E44DD02618518B00C8373C /* ShareViewController.swift in Sources */ = {isa = PBXBuildFile; fileRef = 40E44DCF2618518B00C8373C /* ShareViewController.swift */; };
		40E44DD72618518B00C8373C /* ShareExtensionSiteSnap.appex in Embed App Extensions */ = {isa = PBXBuildFile; fileRef = 40E44DCD2618518B00C8373C /* ShareExtensionSiteSnap.appex */; settings = {ATTRIBUTES = (RemoveHeadersOnCopy, ); }; };
		40E44E74261885AB00C8373C /* ShareImagesViewController.swift in Sources */ = {isa = PBXBuildFile; fileRef = 40E44E73261885AB00C8373C /* ShareImagesViewController.swift */; };
		40E44EA0261A422700C8373C /* PhotoModel.swift in Sources */ = {isa = PBXBuildFile; fileRef = 40E44E9F261A422700C8373C /* PhotoModel.swift */; };
		40E7F19026623625003DC556 /* Photo+CoreDataProperties.swift in Sources */ = {isa = PBXBuildFile; fileRef = 40E7F18E26623625003DC556 /* Photo+CoreDataProperties.swift */; };
		40E7F19126623625003DC556 /* Photo+CoreDataClass.swift in Sources */ = {isa = PBXBuildFile; fileRef = 40E7F18F26623625003DC556 /* Photo+CoreDataClass.swift */; };
		40E9A18E22280DA5008E8352 /* NoProjectsAssignedViewController.swift in Sources */ = {isa = PBXBuildFile; fileRef = 40E9A18D22280DA5008E8352 /* NoProjectsAssignedViewController.swift */; };
		40EB38AB25F535E100BF830B /* ProcessingViewController.swift in Sources */ = {isa = PBXBuildFile; fileRef = 40EB38AA25F535E100BF830B /* ProcessingViewController.swift */; };
		803902112621DA84596AB896 /* Pods_SiteSnap.framework in Frameworks */ = {isa = PBXBuildFile; fileRef = 08D194FC8394711D1AE36F7F /* Pods_SiteSnap.framework */; };
		DA1E46CE21F4EC46004FB425 /* ForgotPasswordViewController.swift in Sources */ = {isa = PBXBuildFile; fileRef = DA1E46CD21F4EC46004FB425 /* ForgotPasswordViewController.swift */; };
		DA1E46D021F50E3C004FB425 /* ConfirmForgotPasswordViewController.swift in Sources */ = {isa = PBXBuildFile; fileRef = DA1E46CF21F50E3C004FB425 /* ConfirmForgotPasswordViewController.swift */; };
		DA2D954F21EB6042005DE088 /* MenuViewController.swift in Sources */ = {isa = PBXBuildFile; fileRef = DA2D954E21EB6042005DE088 /* MenuViewController.swift */; };
		DA2D955121ED0389005DE088 /* MenuTableViewCell.swift in Sources */ = {isa = PBXBuildFile; fileRef = DA2D955021ED0389005DE088 /* MenuTableViewCell.swift */; };
		DA47324A21D8E62E003729BB /* TagHandler.swift in Sources */ = {isa = PBXBuildFile; fileRef = DA47324921D8E62E003729BB /* TagHandler.swift */; };
		DA47324C21D8FA7D003729BB /* PhotoHandler.swift in Sources */ = {isa = PBXBuildFile; fileRef = DA47324B21D8FA7D003729BB /* PhotoHandler.swift */; };
		DA47324E21D96A1A003729BB /* TagModel.swift in Sources */ = {isa = PBXBuildFile; fileRef = DA47324D21D96A1A003729BB /* TagModel.swift */; };
		DA47325021DA3109003729BB /* TagCellTableViewCell.swift in Sources */ = {isa = PBXBuildFile; fileRef = DA47324F21DA3109003729BB /* TagCellTableViewCell.swift */; };
		DA47325221DA4402003729BB /* PaddingLabel.swift in Sources */ = {isa = PBXBuildFile; fileRef = DA47325121DA4402003729BB /* PaddingLabel.swift */; };
		DA47325821DBB227003729BB /* PhotoInspectorViewController.swift in Sources */ = {isa = PBXBuildFile; fileRef = DA47325721DBB227003729BB /* PhotoInspectorViewController.swift */; };
		DA47325A21DCC26A003729BB /* ConfirmLocationViewController.swift in Sources */ = {isa = PBXBuildFile; fileRef = DA47325921DCC26A003729BB /* ConfirmLocationViewController.swift */; };
		DA977F0921C1460F00883640 /* AppDelegate.swift in Sources */ = {isa = PBXBuildFile; fileRef = DA977F0821C1460F00883640 /* AppDelegate.swift */; };
		DA977F0B21C1460F00883640 /* SignInViewController.swift in Sources */ = {isa = PBXBuildFile; fileRef = DA977F0A21C1460F00883640 /* SignInViewController.swift */; };
		DA977F1121C1460F00883640 /* SiteSnap.xcdatamodeld in Sources */ = {isa = PBXBuildFile; fileRef = DA977F0F21C1460F00883640 /* SiteSnap.xcdatamodeld */; };
		DA977F1321C1461100883640 /* Assets.xcassets in Resources */ = {isa = PBXBuildFile; fileRef = DA977F1221C1461100883640 /* Assets.xcassets */; };
		DA977F1621C1461100883640 /* LaunchScreen.storyboard in Resources */ = {isa = PBXBuildFile; fileRef = DA977F1421C1461100883640 /* LaunchScreen.storyboard */; };
		DA977F5521C2E91300883640 /* CameraViewController.swift in Sources */ = {isa = PBXBuildFile; fileRef = DA977F5421C2E91300883640 /* CameraViewController.swift */; };
		DA977F5821C3F25200883640 /* FlashStateButton.swift in Sources */ = {isa = PBXBuildFile; fileRef = DA977F5721C3F25200883640 /* FlashStateButton.swift */; };
		DA977F5A21C4E38B00883640 /* ActivityIndicatorButton.swift in Sources */ = {isa = PBXBuildFile; fileRef = DA977F5921C4E38B00883640 /* ActivityIndicatorButton.swift */; };
		DA9C51FC22153E4C00326611 /* DocumentFilesViewController.swift in Sources */ = {isa = PBXBuildFile; fileRef = DA9C51FA22153E4C00326611 /* DocumentFilesViewController.swift */; };
		DA9DFA3021F2656800CB68E2 /* Media.swift in Sources */ = {isa = PBXBuildFile; fileRef = DA9DFA2F21F2656800CB68E2 /* Media.swift */; };
		DA9F69FD22020474006436F6 /* CheckBox.swift in Sources */ = {isa = PBXBuildFile; fileRef = DA9F69FC22020474006436F6 /* CheckBox.swift */; };
		DAA2705E21C8FAB10058148A /* Main.storyboard in Resources */ = {isa = PBXBuildFile; fileRef = DAA2705B21C8FAB10058148A /* Main.storyboard */; };
		DAA2706021C922B80058148A /* ProcessingPopup.swift in Sources */ = {isa = PBXBuildFile; fileRef = DAA2705F21C922B80058148A /* ProcessingPopup.swift */; };
		DAA270A221CBD5AD0058148A /* ImageDotButton.swift in Sources */ = {isa = PBXBuildFile; fileRef = DAA270A121CBD5AD0058148A /* ImageDotButton.swift */; };
		DAA5DC7421C655170000B966 /* ProjectModel.swift in Sources */ = {isa = PBXBuildFile; fileRef = DAA5DC7321C655170000B966 /* ProjectModel.swift */; };
		DAA615A121E663DF00B5B15E /* UploadsTableViewCell.swift in Sources */ = {isa = PBXBuildFile; fileRef = DAA615A021E663DF00B5B15E /* UploadsTableViewCell.swift */; };
		DAA615A321E7B1D300B5B15E /* ImageForUpload.swift in Sources */ = {isa = PBXBuildFile; fileRef = DAA615A221E7B1D300B5B15E /* ImageForUpload.swift */; };
		DAB7795C21DD60D400308543 /* PhotoAnnotation.swift in Sources */ = {isa = PBXBuildFile; fileRef = DAB7795B21DD60D400308543 /* PhotoAnnotation.swift */; };
		DAB7795E21DE7DF400308543 /* PhotoAnnotationView.swift in Sources */ = {isa = PBXBuildFile; fileRef = DAB7795D21DE7DF400308543 /* PhotoAnnotationView.swift */; };
		DAB7796021DE868200308543 /* Annotation.xib in Resources */ = {isa = PBXBuildFile; fileRef = DAB7795F21DE868200308543 /* Annotation.xib */; };
		DAB7796221DE8A3900308543 /* Annotation.swift in Sources */ = {isa = PBXBuildFile; fileRef = DAB7796121DE8A3900308543 /* Annotation.swift */; };
		DAB7796821DFA26B00308543 /* PreviewView.swift in Sources */ = {isa = PBXBuildFile; fileRef = DAB7796721DFA26B00308543 /* PreviewView.swift */; };
		DAB7796A21E0F15A00308543 /* Slider.swift in Sources */ = {isa = PBXBuildFile; fileRef = DAB7796921E0F15A00308543 /* Slider.swift */; };
		DAB7797021E1146B00308543 /* Slider.xib in Resources */ = {isa = PBXBuildFile; fileRef = DAB7796F21E1146B00308543 /* Slider.xib */; };
		DABA66E121D23F1D0036CEE7 /* Tag+CoreDataClass.swift in Sources */ = {isa = PBXBuildFile; fileRef = DABA66DB21D23F1D0036CEE7 /* Tag+CoreDataClass.swift */; };
		DABA66E221D23F1D0036CEE7 /* Tag+CoreDataProperties.swift in Sources */ = {isa = PBXBuildFile; fileRef = DABA66DC21D23F1D0036CEE7 /* Tag+CoreDataProperties.swift */; };
		DABA66E421D65B620036CEE7 /* AddCommentsViewController.swift in Sources */ = {isa = PBXBuildFile; fileRef = DABA66E321D65B620036CEE7 /* AddCommentsViewController.swift */; };
		DAD922F3222ADD0C00A7A93E /* BackendConnection.swift in Sources */ = {isa = PBXBuildFile; fileRef = DAD922F2222ADD0C00A7A93E /* BackendConnection.swift */; };
		DAE790D12285A6A2003B465D /* NetworkState.swift in Sources */ = {isa = PBXBuildFile; fileRef = DAE790D02285A6A2003B465D /* NetworkState.swift */; };
/* End PBXBuildFile section */

/* Begin PBXContainerItemProxy section */
		40E44DD52618518B00C8373C /* PBXContainerItemProxy */ = {
			isa = PBXContainerItemProxy;
			containerPortal = DA977EFD21C1460F00883640 /* Project object */;
			proxyType = 1;
			remoteGlobalIDString = 40E44DCC2618518B00C8373C;
			remoteInfo = ShareExtensionSiteSnap;
		};
/* End PBXContainerItemProxy section */

/* Begin PBXCopyFilesBuildPhase section */
		40E44DD82618518B00C8373C /* Embed App Extensions */ = {
			isa = PBXCopyFilesBuildPhase;
			buildActionMask = 2147483647;
			dstPath = "";
			dstSubfolderSpec = 13;
			files = (
				40E44DD72618518B00C8373C /* ShareExtensionSiteSnap.appex in Embed App Extensions */,
			);
			name = "Embed App Extensions";
			runOnlyForDeploymentPostprocessing = 0;
		};
/* End PBXCopyFilesBuildPhase section */

/* Begin PBXFileReference section */
		08D194FC8394711D1AE36F7F /* Pods_SiteSnap.framework */ = {isa = PBXFileReference; explicitFileType = wrapper.framework; includeInIndex = 0; path = Pods_SiteSnap.framework; sourceTree = BUILT_PRODUCTS_DIR; };
		4010AD7925FF44A80048D5F7 /* CircleCheckBox.swift */ = {isa = PBXFileReference; lastKnownFileType = sourcecode.swift; path = CircleCheckBox.swift; sourceTree = "<group>"; };
		4010AD7F25FF4E650048D5F7 /* AddNewTagViewController.swift */ = {isa = PBXFileReference; lastKnownFileType = sourcecode.swift; path = AddNewTagViewController.swift; sourceTree = "<group>"; };
		401B3F1A21E5FB8400509EF2 /* UploadsViewController.swift */ = {isa = PBXFileReference; lastKnownFileType = sourcecode.swift; path = UploadsViewController.swift; sourceTree = "<group>"; };
		4033274521F0A00D007EE9DF /* Project+CoreDataClass.swift */ = {isa = PBXFileReference; fileEncoding = 4; lastKnownFileType = sourcecode.swift; path = "Project+CoreDataClass.swift"; sourceTree = "<group>"; };
		4033274721F0A016007EE9DF /* Project+CoreDataProperties.swift */ = {isa = PBXFileReference; fileEncoding = 4; lastKnownFileType = sourcecode.swift; path = "Project+CoreDataProperties.swift"; sourceTree = "<group>"; };
		4033274921F5B52D007EE9DF /* SettingsViewController.swift */ = {isa = PBXFileReference; lastKnownFileType = sourcecode.swift; path = SettingsViewController.swift; sourceTree = "<group>"; };
		4033274B21F5BE87007EE9DF /* SettingsTableViewCell.swift */ = {isa = PBXFileReference; lastKnownFileType = sourcecode.swift; path = SettingsTableViewCell.swift; sourceTree = "<group>"; };
		403EEAA925E63C7D00EB151B /* ReCAPTCHAViewController.swift */ = {isa = PBXFileReference; lastKnownFileType = sourcecode.swift; path = ReCAPTCHAViewController.swift; sourceTree = "<group>"; };
		403EEAAD25E63DB300EB151B /* ReCAPTCHAViewModel.swift */ = {isa = PBXFileReference; lastKnownFileType = sourcecode.swift; path = ReCAPTCHAViewModel.swift; sourceTree = "<group>"; };
		403EEAB325E63E3D00EB151B /* recaptcha.html */ = {isa = PBXFileReference; lastKnownFileType = text.html; name = recaptcha.html; path = SiteSnap/Models/recaptcha.html; sourceTree = "<group>"; };
		4047811521EC820C006987B4 /* Constants.swift */ = {isa = PBXFileReference; lastKnownFileType = sourcecode.swift; path = Constants.swift; sourceTree = "<group>"; };
		4054ED46260F3C180045A1C0 /* CompletedUploadsTableViewCell.swift */ = {isa = PBXFileReference; lastKnownFileType = sourcecode.swift; path = CompletedUploadsTableViewCell.swift; sourceTree = "<group>"; };
		405738DA2610864B00C3EC78 /* BouncingProgressView.swift */ = {isa = PBXFileReference; lastKnownFileType = sourcecode.swift; path = BouncingProgressView.swift; sourceTree = "<group>"; };
		405977E921C2455700AF9F4B /* MYRIADPRO-REGULAR.OTF */ = {isa = PBXFileReference; lastKnownFileType = file; path = "MYRIADPRO-REGULAR.OTF"; sourceTree = "<group>"; };
		40615ADA25E1443300D4E079 /* site_snap_logo.png */ = {isa = PBXFileReference; lastKnownFileType = image.png; path = site_snap_logo.png; sourceTree = "<group>"; };
		40747BE825EA5F080009BFDE /* RoundCheckBox.swift */ = {isa = PBXFileReference; lastKnownFileType = sourcecode.swift; path = RoundCheckBox.swift; sourceTree = "<group>"; };
		407C5C0225E4E1B0003C4276 /* SignUpViewController.swift */ = {isa = PBXFileReference; lastKnownFileType = sourcecode.swift; path = SignUpViewController.swift; sourceTree = "<group>"; };
		4095FBE821F071A7008A39D4 /* ProjectHandler.swift */ = {isa = PBXFileReference; lastKnownFileType = sourcecode.swift; path = ProjectHandler.swift; sourceTree = "<group>"; };
		409ABECB25E78E2A00C17E1E /* ProjectsListViewController.swift */ = {isa = PBXFileReference; lastKnownFileType = sourcecode.swift; path = ProjectsListViewController.swift; sourceTree = "<group>"; };
		409ABECF25E7A11200C17E1E /* ProjectTableViewCell.swift */ = {isa = PBXFileReference; lastKnownFileType = sourcecode.swift; path = ProjectTableViewCell.swift; sourceTree = "<group>"; };
		40A4E95525EB880400FEE564 /* NewProjectViewController.swift */ = {isa = PBXFileReference; lastKnownFileType = sourcecode.swift; path = NewProjectViewController.swift; sourceTree = "<group>"; };
		40B296B921CCD87300A3C487 /* PhotosViewController.swift */ = {isa = PBXFileReference; lastKnownFileType = sourcecode.swift; path = PhotosViewController.swift; sourceTree = "<group>"; };
		40B296BB21CCE5A000A3C487 /* Slide.swift */ = {isa = PBXFileReference; lastKnownFileType = sourcecode.swift; path = Slide.swift; sourceTree = "<group>"; };
		40B296BE21CCE61B00A3C487 /* Slide.xib */ = {isa = PBXFileReference; lastKnownFileType = file.xib; path = Slide.xib; sourceTree = "<group>"; };
		40B9656021CA7240004A383D /* LocationManager.swift */ = {isa = PBXFileReference; lastKnownFileType = sourcecode.swift; path = LocationManager.swift; sourceTree = "<group>"; };
		40C9F87926072DAC00F69253 /* Annotation_v2.xib */ = {isa = PBXFileReference; lastKnownFileType = file.xib; path = Annotation_v2.xib; sourceTree = "<group>"; };
		40C9F87C26072F4500F69253 /* Annotation_V2.swift */ = {isa = PBXFileReference; lastKnownFileType = sourcecode.swift; path = Annotation_V2.swift; sourceTree = "<group>"; };
		40D025E225FDFCA600E660D0 /* BrowseTagsViewController.swift */ = {isa = PBXFileReference; lastKnownFileType = sourcecode.swift; path = BrowseTagsViewController.swift; sourceTree = "<group>"; };
		40D025E525FE798C00E660D0 /* TagCell1TableViewCell.swift */ = {isa = PBXFileReference; lastKnownFileType = sourcecode.swift; path = TagCell1TableViewCell.swift; sourceTree = "<group>"; };
		40D025E825FE79A100E660D0 /* TagCell2TableViewCell.swift */ = {isa = PBXFileReference; lastKnownFileType = sourcecode.swift; path = TagCell2TableViewCell.swift; sourceTree = "<group>"; };
		40E44DCD2618518B00C8373C /* ShareExtensionSiteSnap.appex */ = {isa = PBXFileReference; explicitFileType = "wrapper.app-extension"; includeInIndex = 0; path = ShareExtensionSiteSnap.appex; sourceTree = BUILT_PRODUCTS_DIR; };
		40E44DCF2618518B00C8373C /* ShareViewController.swift */ = {isa = PBXFileReference; lastKnownFileType = sourcecode.swift; path = ShareViewController.swift; sourceTree = "<group>"; };
		40E44DD42618518B00C8373C /* Info.plist */ = {isa = PBXFileReference; lastKnownFileType = text.plist.xml; path = Info.plist; sourceTree = "<group>"; };
		40E44E6F261884CE00C8373C /* ShareExtensionSiteSnap.entitlements */ = {isa = PBXFileReference; lastKnownFileType = text.plist.entitlements; path = ShareExtensionSiteSnap.entitlements; sourceTree = "<group>"; };
		40E44E70261884DF00C8373C /* SiteSnap.entitlements */ = {isa = PBXFileReference; lastKnownFileType = text.plist.entitlements; path = SiteSnap.entitlements; sourceTree = "<group>"; };
		40E44E73261885AB00C8373C /* ShareImagesViewController.swift */ = {isa = PBXFileReference; lastKnownFileType = sourcecode.swift; path = ShareImagesViewController.swift; sourceTree = "<group>"; };
		40E44E9F261A422700C8373C /* PhotoModel.swift */ = {isa = PBXFileReference; lastKnownFileType = sourcecode.swift; path = PhotoModel.swift; sourceTree = "<group>"; };
		40E7F18E26623625003DC556 /* Photo+CoreDataProperties.swift */ = {isa = PBXFileReference; lastKnownFileType = sourcecode.swift; name = "Photo+CoreDataProperties.swift"; path = "/Users/pauloprea/IOSProjects/SiteSnap/SiteSnap/dataModels/Photo+CoreDataProperties.swift"; sourceTree = "<absolute>"; };
		40E7F18F26623625003DC556 /* Photo+CoreDataClass.swift */ = {isa = PBXFileReference; lastKnownFileType = sourcecode.swift; name = "Photo+CoreDataClass.swift"; path = "../../Photo+CoreDataClass.swift"; sourceTree = "<group>"; };
		40E9A18D22280DA5008E8352 /* NoProjectsAssignedViewController.swift */ = {isa = PBXFileReference; lastKnownFileType = sourcecode.swift; path = NoProjectsAssignedViewController.swift; sourceTree = "<group>"; };
		40EB38AA25F535E100BF830B /* ProcessingViewController.swift */ = {isa = PBXFileReference; lastKnownFileType = sourcecode.swift; path = ProcessingViewController.swift; sourceTree = "<group>"; };
		6A73AA7E3AC6DD8718D48C21 /* Pods-SiteSnap.release.xcconfig */ = {isa = PBXFileReference; includeInIndex = 1; lastKnownFileType = text.xcconfig; name = "Pods-SiteSnap.release.xcconfig"; path = "Pods/Target Support Files/Pods-SiteSnap/Pods-SiteSnap.release.xcconfig"; sourceTree = "<group>"; };
		8F546AE8E44AB36E527F9A39 /* Pods-SiteSnapUITests.debug.xcconfig */ = {isa = PBXFileReference; includeInIndex = 1; lastKnownFileType = text.xcconfig; name = "Pods-SiteSnapUITests.debug.xcconfig"; path = "Pods/Target Support Files/Pods-SiteSnapUITests/Pods-SiteSnapUITests.debug.xcconfig"; sourceTree = "<group>"; };
		A1CFB1EA0BFC2019A65CB46F /* Pods_SiteSnapTests.framework */ = {isa = PBXFileReference; explicitFileType = wrapper.framework; includeInIndex = 0; path = Pods_SiteSnapTests.framework; sourceTree = BUILT_PRODUCTS_DIR; };
		A667BD70F929A9FE7CC99171 /* Pods-SiteSnapUITests.release.xcconfig */ = {isa = PBXFileReference; includeInIndex = 1; lastKnownFileType = text.xcconfig; name = "Pods-SiteSnapUITests.release.xcconfig"; path = "Pods/Target Support Files/Pods-SiteSnapUITests/Pods-SiteSnapUITests.release.xcconfig"; sourceTree = "<group>"; };
		AD448BB73B0722A794A046E3 /* Pods-SiteSnapTests.debug.xcconfig */ = {isa = PBXFileReference; includeInIndex = 1; lastKnownFileType = text.xcconfig; name = "Pods-SiteSnapTests.debug.xcconfig"; path = "Pods/Target Support Files/Pods-SiteSnapTests/Pods-SiteSnapTests.debug.xcconfig"; sourceTree = "<group>"; };
		B694197D45F977E7140AA1E8 /* Pods-SiteSnapTests.release.xcconfig */ = {isa = PBXFileReference; includeInIndex = 1; lastKnownFileType = text.xcconfig; name = "Pods-SiteSnapTests.release.xcconfig"; path = "Pods/Target Support Files/Pods-SiteSnapTests/Pods-SiteSnapTests.release.xcconfig"; sourceTree = "<group>"; };
		DA1E46CD21F4EC46004FB425 /* ForgotPasswordViewController.swift */ = {isa = PBXFileReference; lastKnownFileType = sourcecode.swift; path = ForgotPasswordViewController.swift; sourceTree = "<group>"; };
		DA1E46CF21F50E3C004FB425 /* ConfirmForgotPasswordViewController.swift */ = {isa = PBXFileReference; lastKnownFileType = sourcecode.swift; path = ConfirmForgotPasswordViewController.swift; sourceTree = "<group>"; };
		DA2D954E21EB6042005DE088 /* MenuViewController.swift */ = {isa = PBXFileReference; lastKnownFileType = sourcecode.swift; path = MenuViewController.swift; sourceTree = "<group>"; };
		DA2D955021ED0389005DE088 /* MenuTableViewCell.swift */ = {isa = PBXFileReference; lastKnownFileType = sourcecode.swift; path = MenuTableViewCell.swift; sourceTree = "<group>"; };
		DA47324921D8E62E003729BB /* TagHandler.swift */ = {isa = PBXFileReference; lastKnownFileType = sourcecode.swift; path = TagHandler.swift; sourceTree = "<group>"; };
		DA47324B21D8FA7D003729BB /* PhotoHandler.swift */ = {isa = PBXFileReference; lastKnownFileType = sourcecode.swift; path = PhotoHandler.swift; sourceTree = "<group>"; };
		DA47324D21D96A1A003729BB /* TagModel.swift */ = {isa = PBXFileReference; lastKnownFileType = sourcecode.swift; path = TagModel.swift; sourceTree = "<group>"; };
		DA47324F21DA3109003729BB /* TagCellTableViewCell.swift */ = {isa = PBXFileReference; lastKnownFileType = sourcecode.swift; path = TagCellTableViewCell.swift; sourceTree = "<group>"; };
		DA47325121DA4402003729BB /* PaddingLabel.swift */ = {isa = PBXFileReference; lastKnownFileType = sourcecode.swift; path = PaddingLabel.swift; sourceTree = "<group>"; };
		DA47325721DBB227003729BB /* PhotoInspectorViewController.swift */ = {isa = PBXFileReference; lastKnownFileType = sourcecode.swift; path = PhotoInspectorViewController.swift; sourceTree = "<group>"; };
		DA47325921DCC26A003729BB /* ConfirmLocationViewController.swift */ = {isa = PBXFileReference; lastKnownFileType = sourcecode.swift; path = ConfirmLocationViewController.swift; sourceTree = "<group>"; };
		DA977F0521C1460F00883640 /* SiteSnap.app */ = {isa = PBXFileReference; explicitFileType = wrapper.application; includeInIndex = 0; path = SiteSnap.app; sourceTree = BUILT_PRODUCTS_DIR; };
		DA977F0821C1460F00883640 /* AppDelegate.swift */ = {isa = PBXFileReference; lastKnownFileType = sourcecode.swift; path = AppDelegate.swift; sourceTree = "<group>"; };
		DA977F0A21C1460F00883640 /* SignInViewController.swift */ = {isa = PBXFileReference; lastKnownFileType = sourcecode.swift; path = SignInViewController.swift; sourceTree = "<group>"; };
		DA977F1021C1460F00883640 /* SiteSnap.xcdatamodel */ = {isa = PBXFileReference; lastKnownFileType = wrapper.xcdatamodel; path = SiteSnap.xcdatamodel; sourceTree = "<group>"; };
		DA977F1221C1461100883640 /* Assets.xcassets */ = {isa = PBXFileReference; lastKnownFileType = folder.assetcatalog; path = Assets.xcassets; sourceTree = "<group>"; };
		DA977F1521C1461100883640 /* Base */ = {isa = PBXFileReference; lastKnownFileType = file.storyboard; name = Base; path = Base.lproj/LaunchScreen.storyboard; sourceTree = "<group>"; };
		DA977F1721C1461100883640 /* Info.plist */ = {isa = PBXFileReference; lastKnownFileType = text.plist.xml; path = Info.plist; sourceTree = "<group>"; };
		DA977F2B21C1461100883640 /* SiteSnapUITests.swift */ = {isa = PBXFileReference; lastKnownFileType = sourcecode.swift; path = SiteSnapUITests.swift; sourceTree = "<group>"; };
		DA977F2D21C1461100883640 /* Info.plist */ = {isa = PBXFileReference; lastKnownFileType = text.plist.xml; path = Info.plist; sourceTree = "<group>"; };
		DA977F5421C2E91300883640 /* CameraViewController.swift */ = {isa = PBXFileReference; lastKnownFileType = sourcecode.swift; path = CameraViewController.swift; sourceTree = "<group>"; };
		DA977F5721C3F25200883640 /* FlashStateButton.swift */ = {isa = PBXFileReference; lastKnownFileType = sourcecode.swift; path = FlashStateButton.swift; sourceTree = "<group>"; };
		DA977F5921C4E38B00883640 /* ActivityIndicatorButton.swift */ = {isa = PBXFileReference; lastKnownFileType = sourcecode.swift; path = ActivityIndicatorButton.swift; sourceTree = "<group>"; };
		DA9C51FA22153E4C00326611 /* DocumentFilesViewController.swift */ = {isa = PBXFileReference; lastKnownFileType = sourcecode.swift; path = DocumentFilesViewController.swift; sourceTree = "<group>"; };
		DA9DFA2F21F2656800CB68E2 /* Media.swift */ = {isa = PBXFileReference; lastKnownFileType = sourcecode.swift; path = Media.swift; sourceTree = "<group>"; };
		DA9F69FC22020474006436F6 /* CheckBox.swift */ = {isa = PBXFileReference; lastKnownFileType = sourcecode.swift; path = CheckBox.swift; sourceTree = "<group>"; };
		DAA2705C21C8FAB10058148A /* Base */ = {isa = PBXFileReference; lastKnownFileType = file.storyboard; name = Base; path = Main.storyboard; sourceTree = "<group>"; };
		DAA2705F21C922B80058148A /* ProcessingPopup.swift */ = {isa = PBXFileReference; lastKnownFileType = sourcecode.swift; path = ProcessingPopup.swift; sourceTree = "<group>"; };
		DAA270A121CBD5AD0058148A /* ImageDotButton.swift */ = {isa = PBXFileReference; lastKnownFileType = sourcecode.swift; path = ImageDotButton.swift; sourceTree = "<group>"; };
		DAA5DC7321C655170000B966 /* ProjectModel.swift */ = {isa = PBXFileReference; lastKnownFileType = sourcecode.swift; path = ProjectModel.swift; sourceTree = "<group>"; };
		DAA615A021E663DF00B5B15E /* UploadsTableViewCell.swift */ = {isa = PBXFileReference; lastKnownFileType = sourcecode.swift; path = UploadsTableViewCell.swift; sourceTree = "<group>"; };
		DAA615A221E7B1D300B5B15E /* ImageForUpload.swift */ = {isa = PBXFileReference; lastKnownFileType = sourcecode.swift; path = ImageForUpload.swift; sourceTree = "<group>"; };
		DAB7795B21DD60D400308543 /* PhotoAnnotation.swift */ = {isa = PBXFileReference; lastKnownFileType = sourcecode.swift; path = PhotoAnnotation.swift; sourceTree = "<group>"; };
		DAB7795D21DE7DF400308543 /* PhotoAnnotationView.swift */ = {isa = PBXFileReference; lastKnownFileType = sourcecode.swift; path = PhotoAnnotationView.swift; sourceTree = "<group>"; };
		DAB7795F21DE868200308543 /* Annotation.xib */ = {isa = PBXFileReference; lastKnownFileType = file.xib; path = Annotation.xib; sourceTree = "<group>"; };
		DAB7796121DE8A3900308543 /* Annotation.swift */ = {isa = PBXFileReference; lastKnownFileType = sourcecode.swift; path = Annotation.swift; sourceTree = "<group>"; };
		DAB7796721DFA26B00308543 /* PreviewView.swift */ = {isa = PBXFileReference; lastKnownFileType = sourcecode.swift; path = PreviewView.swift; sourceTree = "<group>"; };
		DAB7796921E0F15A00308543 /* Slider.swift */ = {isa = PBXFileReference; lastKnownFileType = sourcecode.swift; path = Slider.swift; sourceTree = "<group>"; };
		DAB7796F21E1146B00308543 /* Slider.xib */ = {isa = PBXFileReference; lastKnownFileType = file.xib; path = Slider.xib; sourceTree = "<group>"; };
		DABA66DB21D23F1D0036CEE7 /* Tag+CoreDataClass.swift */ = {isa = PBXFileReference; lastKnownFileType = sourcecode.swift; path = "Tag+CoreDataClass.swift"; sourceTree = "<group>"; };
		DABA66DC21D23F1D0036CEE7 /* Tag+CoreDataProperties.swift */ = {isa = PBXFileReference; lastKnownFileType = sourcecode.swift; path = "Tag+CoreDataProperties.swift"; sourceTree = "<group>"; };
		DABA66E321D65B620036CEE7 /* AddCommentsViewController.swift */ = {isa = PBXFileReference; lastKnownFileType = sourcecode.swift; path = AddCommentsViewController.swift; sourceTree = "<group>"; };
		DAD922F2222ADD0C00A7A93E /* BackendConnection.swift */ = {isa = PBXFileReference; lastKnownFileType = sourcecode.swift; path = BackendConnection.swift; sourceTree = "<group>"; };
		DAE790D02285A6A2003B465D /* NetworkState.swift */ = {isa = PBXFileReference; lastKnownFileType = sourcecode.swift; path = NetworkState.swift; sourceTree = "<group>"; };
		E2508CF1AC12C64EBAC4FE17 /* Pods_SiteSnapUITests.framework */ = {isa = PBXFileReference; explicitFileType = wrapper.framework; includeInIndex = 0; path = Pods_SiteSnapUITests.framework; sourceTree = BUILT_PRODUCTS_DIR; };
		EB4AC2D94214D4822AE7D8E3 /* Pods-SiteSnap.debug.xcconfig */ = {isa = PBXFileReference; includeInIndex = 1; lastKnownFileType = text.xcconfig; name = "Pods-SiteSnap.debug.xcconfig"; path = "Pods/Target Support Files/Pods-SiteSnap/Pods-SiteSnap.debug.xcconfig"; sourceTree = "<group>"; };
/* End PBXFileReference section */

/* Begin PBXFrameworksBuildPhase section */
		40E44DCA2618518B00C8373C /* Frameworks */ = {
			isa = PBXFrameworksBuildPhase;
			buildActionMask = 2147483647;
			files = (
			);
			runOnlyForDeploymentPostprocessing = 0;
		};
		DA977F0221C1460F00883640 /* Frameworks */ = {
			isa = PBXFrameworksBuildPhase;
			buildActionMask = 2147483647;
			files = (
				803902112621DA84596AB896 /* Pods_SiteSnap.framework in Frameworks */,
			);
			runOnlyForDeploymentPostprocessing = 0;
		};
/* End PBXFrameworksBuildPhase section */

/* Begin PBXGroup section */
		119EB5E4C864C37FECC5FF17 /* Frameworks */ = {
			isa = PBXGroup;
			children = (
				08D194FC8394711D1AE36F7F /* Pods_SiteSnap.framework */,
				A1CFB1EA0BFC2019A65CB46F /* Pods_SiteSnapTests.framework */,
				E2508CF1AC12C64EBAC4FE17 /* Pods_SiteSnapUITests.framework */,
			);
			name = Frameworks;
			sourceTree = "<group>";
		};
		3F13EECA5D4600273754C76C /* Pods */ = {
			isa = PBXGroup;
			children = (
				EB4AC2D94214D4822AE7D8E3 /* Pods-SiteSnap.debug.xcconfig */,
				6A73AA7E3AC6DD8718D48C21 /* Pods-SiteSnap.release.xcconfig */,
				AD448BB73B0722A794A046E3 /* Pods-SiteSnapTests.debug.xcconfig */,
				B694197D45F977E7140AA1E8 /* Pods-SiteSnapTests.release.xcconfig */,
				8F546AE8E44AB36E527F9A39 /* Pods-SiteSnapUITests.debug.xcconfig */,
				A667BD70F929A9FE7CC99171 /* Pods-SiteSnapUITests.release.xcconfig */,
			);
			name = Pods;
			sourceTree = "<group>";
		};
		4041C61D2622303E002E0CA4 /* UI */ = {
			isa = PBXGroup;
			children = (
				4041C62A262231B7002E0CA4 /* Settings */,
				4041C6292622318E002E0CA4 /* SharingExtension */,
				4041C6282622315A002E0CA4 /* EditLocation */,
				4041C6272622314C002E0CA4 /* Comments */,
				4041C62626223136002E0CA4 /* Uploads */,
				4041C62526223114002E0CA4 /* Projects */,
				4041C624262230FC002E0CA4 /* Login */,
				4041C623262230BA002E0CA4 /* Tags */,
				4041C622262230A6002E0CA4 /* PhotoInspector */,
				4041C62126223089002E0CA4 /* Photos */,
				4041C61E2622304A002E0CA4 /* Camera */,
			);
			path = UI;
			sourceTree = "<group>";
		};
		4041C61E2622304A002E0CA4 /* Camera */ = {
			isa = PBXGroup;
			children = (
				DA977F5421C2E91300883640 /* CameraViewController.swift */,
			);
			path = Camera;
			sourceTree = "<group>";
		};
		4041C62126223089002E0CA4 /* Photos */ = {
			isa = PBXGroup;
			children = (
				40B296B921CCD87300A3C487 /* PhotosViewController.swift */,
			);
			path = Photos;
			sourceTree = "<group>";
		};
		4041C622262230A6002E0CA4 /* PhotoInspector */ = {
			isa = PBXGroup;
			children = (
				DA47325721DBB227003729BB /* PhotoInspectorViewController.swift */,
			);
			path = PhotoInspector;
			sourceTree = "<group>";
		};
		4041C623262230BA002E0CA4 /* Tags */ = {
			isa = PBXGroup;
			children = (
				40D025E525FE798C00E660D0 /* TagCell1TableViewCell.swift */,
				DA47324F21DA3109003729BB /* TagCellTableViewCell.swift */,
				40D025E825FE79A100E660D0 /* TagCell2TableViewCell.swift */,
				40D025E225FDFCA600E660D0 /* BrowseTagsViewController.swift */,
				4010AD7F25FF4E650048D5F7 /* AddNewTagViewController.swift */,
			);
			path = Tags;
			sourceTree = "<group>";
		};
		4041C624262230FC002E0CA4 /* Login */ = {
			isa = PBXGroup;
			children = (
				DA1E46CF21F50E3C004FB425 /* ConfirmForgotPasswordViewController.swift */,
				407C5C0225E4E1B0003C4276 /* SignUpViewController.swift */,
				DA977F0A21C1460F00883640 /* SignInViewController.swift */,
			);
			path = Login;
			sourceTree = "<group>";
		};
		4041C62526223114002E0CA4 /* Projects */ = {
			isa = PBXGroup;
			children = (
				40E9A18D22280DA5008E8352 /* NoProjectsAssignedViewController.swift */,
				403EEAA925E63C7D00EB151B /* ReCAPTCHAViewController.swift */,
				409ABECF25E7A11200C17E1E /* ProjectTableViewCell.swift */,
				DA1E46CD21F4EC46004FB425 /* ForgotPasswordViewController.swift */,
				409ABECB25E78E2A00C17E1E /* ProjectsListViewController.swift */,
				40A4E95525EB880400FEE564 /* NewProjectViewController.swift */,
			);
			path = Projects;
			sourceTree = "<group>";
		};
		4041C62626223136002E0CA4 /* Uploads */ = {
			isa = PBXGroup;
			children = (
				401B3F1A21E5FB8400509EF2 /* UploadsViewController.swift */,
				4054ED46260F3C180045A1C0 /* CompletedUploadsTableViewCell.swift */,
				DAA615A021E663DF00B5B15E /* UploadsTableViewCell.swift */,
			);
			path = Uploads;
			sourceTree = "<group>";
		};
		4041C6272622314C002E0CA4 /* Comments */ = {
			isa = PBXGroup;
			children = (
				DABA66E321D65B620036CEE7 /* AddCommentsViewController.swift */,
			);
			path = Comments;
			sourceTree = "<group>";
		};
		4041C6282622315A002E0CA4 /* EditLocation */ = {
			isa = PBXGroup;
			children = (
				DAB7796121DE8A3900308543 /* Annotation.swift */,
				40C9F87C26072F4500F69253 /* Annotation_V2.swift */,
				DA47325921DCC26A003729BB /* ConfirmLocationViewController.swift */,
			);
			path = EditLocation;
			sourceTree = "<group>";
		};
		4041C6292622318E002E0CA4 /* SharingExtension */ = {
			isa = PBXGroup;
			children = (
				40E44E73261885AB00C8373C /* ShareImagesViewController.swift */,
			);
			path = SharingExtension;
			sourceTree = "<group>";
		};
		4041C62A262231B7002E0CA4 /* Settings */ = {
			isa = PBXGroup;
			children = (
				DA9C51FA22153E4C00326611 /* DocumentFilesViewController.swift */,
				DA2D954E21EB6042005DE088 /* MenuViewController.swift */,
				4033274921F5B52D007EE9DF /* SettingsViewController.swift */,
				4033274B21F5BE87007EE9DF /* SettingsTableViewCell.swift */,
				DA2D955021ED0389005DE088 /* MenuTableViewCell.swift */,
			);
			path = Settings;
			sourceTree = "<group>";
		};
		4041C6312622390A002E0CA4 /* Network */ = {
			isa = PBXGroup;
			children = (
				DAD922F2222ADD0C00A7A93E /* BackendConnection.swift */,
			);
			path = Network;
			sourceTree = "<group>";
		};
		405977E821C242BF00AF9F4B /* Fonts */ = {
			isa = PBXGroup;
			children = (
				405977E921C2455700AF9F4B /* MYRIADPRO-REGULAR.OTF */,
			);
			path = Fonts;
			sourceTree = "<group>";
		};
		40B296BD21CCE5C100A3C487 /* views */ = {
			isa = PBXGroup;
			children = (
				40B296BE21CCE61B00A3C487 /* Slide.xib */,
				DAB7795F21DE868200308543 /* Annotation.xib */,
				DAB7796F21E1146B00308543 /* Slider.xib */,
				40C9F87926072DAC00F69253 /* Annotation_v2.xib */,
			);
			path = views;
			sourceTree = "<group>";
		};
		40E44DCE2618518B00C8373C /* ShareExtensionSiteSnap */ = {
			isa = PBXGroup;
			children = (
				40E44E6F261884CE00C8373C /* ShareExtensionSiteSnap.entitlements */,
				40E44DCF2618518B00C8373C /* ShareViewController.swift */,
				40E44DD42618518B00C8373C /* Info.plist */,
			);
			path = ShareExtensionSiteSnap;
			sourceTree = "<group>";
		};
		DA977EFC21C1460F00883640 = {
			isa = PBXGroup;
			children = (
				403EEAB325E63E3D00EB151B /* recaptcha.html */,
				40615ADA25E1443300D4E079 /* site_snap_logo.png */,
				DA977F0721C1460F00883640 /* SiteSnap */,
				DA977F2A21C1461100883640 /* SiteSnapUITests */,
				40E44DCE2618518B00C8373C /* ShareExtensionSiteSnap */,
				DA977F0621C1460F00883640 /* Products */,
				3F13EECA5D4600273754C76C /* Pods */,
				119EB5E4C864C37FECC5FF17 /* Frameworks */,
			);
			sourceTree = "<group>";
		};
		DA977F0621C1460F00883640 /* Products */ = {
			isa = PBXGroup;
			children = (
				DA977F0521C1460F00883640 /* SiteSnap.app */,
				40E44DCD2618518B00C8373C /* ShareExtensionSiteSnap.appex */,
			);
			name = Products;
			sourceTree = "<group>";
		};
		DA977F0721C1460F00883640 /* SiteSnap */ = {
			isa = PBXGroup;
			children = (
				4041C6312622390A002E0CA4 /* Network */,
				40E44E70261884DF00C8373C /* SiteSnap.entitlements */,
				DABA66CA21D23DE90036CEE7 /* dataModels */,
				40B296BD21CCE5C100A3C487 /* views */,
				DAA5DC7221C654EB0000B966 /* Models */,
				DA977F5621C3F21C00883640 /* subClasses */,
				405977E821C242BF00AF9F4B /* Fonts */,
				DA977F0821C1460F00883640 /* AppDelegate.swift */,
				4041C61D2622303E002E0CA4 /* UI */,
				4047811521EC820C006987B4 /* Constants.swift */,
				DA977F1221C1461100883640 /* Assets.xcassets */,
				DA977F1721C1461100883640 /* Info.plist */,
				DA977F0F21C1460F00883640 /* SiteSnap.xcdatamodeld */,
				DAA2705821C8FAB10058148A /* Base.lproj */,
			);
			path = SiteSnap;
			sourceTree = "<group>";
		};
		DA977F2A21C1461100883640 /* SiteSnapUITests */ = {
			isa = PBXGroup;
			children = (
				DA977F2B21C1461100883640 /* SiteSnapUITests.swift */,
				DA977F2D21C1461100883640 /* Info.plist */,
			);
			path = SiteSnapUITests;
			sourceTree = "<group>";
		};
		DA977F5621C3F21C00883640 /* subClasses */ = {
			isa = PBXGroup;
			children = (
				40EB38AA25F535E100BF830B /* ProcessingViewController.swift */,
				DA977F5721C3F25200883640 /* FlashStateButton.swift */,
				DA977F5921C4E38B00883640 /* ActivityIndicatorButton.swift */,
				DAA2705F21C922B80058148A /* ProcessingPopup.swift */,
				40B9656021CA7240004A383D /* LocationManager.swift */,
				DAA270A121CBD5AD0058148A /* ImageDotButton.swift */,
				DA47325121DA4402003729BB /* PaddingLabel.swift */,
				DAB7795B21DD60D400308543 /* PhotoAnnotation.swift */,
				DAB7795D21DE7DF400308543 /* PhotoAnnotationView.swift */,
				DAB7796721DFA26B00308543 /* PreviewView.swift */,
				DAB7796921E0F15A00308543 /* Slider.swift */,
				40B296BB21CCE5A000A3C487 /* Slide.swift */,
				DA9F69FC22020474006436F6 /* CheckBox.swift */,
				4010AD7925FF44A80048D5F7 /* CircleCheckBox.swift */,
				DAE790D02285A6A2003B465D /* NetworkState.swift */,
				40747BE825EA5F080009BFDE /* RoundCheckBox.swift */,
				405738DA2610864B00C3EC78 /* BouncingProgressView.swift */,
			);
			path = subClasses;
			sourceTree = "<group>";
		};
		DAA2705821C8FAB10058148A /* Base.lproj */ = {
			isa = PBXGroup;
			children = (
				DA977F1421C1461100883640 /* LaunchScreen.storyboard */,
				DAA2705B21C8FAB10058148A /* Main.storyboard */,
			);
			path = Base.lproj;
			sourceTree = "<group>";
		};
		DAA5DC7221C654EB0000B966 /* Models */ = {
			isa = PBXGroup;
			children = (
				DAA5DC7321C655170000B966 /* ProjectModel.swift */,
				DA47324921D8E62E003729BB /* TagHandler.swift */,
				DA47324B21D8FA7D003729BB /* PhotoHandler.swift */,
				DA47324D21D96A1A003729BB /* TagModel.swift */,
				DAA615A221E7B1D300B5B15E /* ImageForUpload.swift */,
				4095FBE821F071A7008A39D4 /* ProjectHandler.swift */,
				DA9DFA2F21F2656800CB68E2 /* Media.swift */,
				403EEAAD25E63DB300EB151B /* ReCAPTCHAViewModel.swift */,
				40E44E9F261A422700C8373C /* PhotoModel.swift */,
			);
			path = Models;
			sourceTree = "<group>";
		};
		DABA66CA21D23DE90036CEE7 /* dataModels */ = {
			isa = PBXGroup;
			children = (
				40E7F18F26623625003DC556 /* Photo+CoreDataClass.swift */,
				40E7F18E26623625003DC556 /* Photo+CoreDataProperties.swift */,
				4033274721F0A016007EE9DF /* Project+CoreDataProperties.swift */,
				4033274521F0A00D007EE9DF /* Project+CoreDataClass.swift */,
				DABA66DB21D23F1D0036CEE7 /* Tag+CoreDataClass.swift */,
				DABA66DC21D23F1D0036CEE7 /* Tag+CoreDataProperties.swift */,
			);
			path = dataModels;
			sourceTree = "<group>";
		};
/* End PBXGroup section */

/* Begin PBXNativeTarget section */
		40E44DCC2618518B00C8373C /* ShareExtensionSiteSnap */ = {
			isa = PBXNativeTarget;
			buildConfigurationList = 40E44DDB2618518B00C8373C /* Build configuration list for PBXNativeTarget "ShareExtensionSiteSnap" */;
			buildPhases = (
				40E44DC92618518B00C8373C /* Sources */,
				40E44DCA2618518B00C8373C /* Frameworks */,
				40E44DCB2618518B00C8373C /* Resources */,
			);
			buildRules = (
			);
			dependencies = (
			);
			name = ShareExtensionSiteSnap;
			productName = ShareExtensionSiteSnap;
			productReference = 40E44DCD2618518B00C8373C /* ShareExtensionSiteSnap.appex */;
			productType = "com.apple.product-type.app-extension";
		};
		DA977F0421C1460F00883640 /* SiteSnap */ = {
			isa = PBXNativeTarget;
			buildConfigurationList = DA977F3021C1461100883640 /* Build configuration list for PBXNativeTarget "SiteSnap" */;
			buildPhases = (
				1C372CAAC134B0F11EB64D4E /* [CP] Check Pods Manifest.lock */,
				DA977F0121C1460F00883640 /* Sources */,
				DA977F0221C1460F00883640 /* Frameworks */,
				DA977F0321C1460F00883640 /* Resources */,
				D0D025DE663E5B6141242319 /* [CP] Embed Pods Frameworks */,
				40E44DD82618518B00C8373C /* Embed App Extensions */,
			);
			buildRules = (
			);
			dependencies = (
				40E44DD62618518B00C8373C /* PBXTargetDependency */,
			);
			name = SiteSnap;
			productName = SiteSnap;
			productReference = DA977F0521C1460F00883640 /* SiteSnap.app */;
			productType = "com.apple.product-type.application";
		};
/* End PBXNativeTarget section */

/* Begin PBXProject section */
		DA977EFD21C1460F00883640 /* Project object */ = {
			isa = PBXProject;
			attributes = {
				LastSwiftUpdateCheck = 1240;
				LastUpgradeCheck = 1240;
				ORGANIZATIONNAME = "Paul Oprea";
				TargetAttributes = {
					40E44DCC2618518B00C8373C = {
						CreatedOnToolsVersion = 12.4;
					};
					DA977F0421C1460F00883640 = {
						CreatedOnToolsVersion = 10.1;
						LastSwiftMigration = 1030;
						SystemCapabilities = {
							com.apple.BackgroundModes = {
								enabled = 0;
							};
						};
					};
				};
			};
			buildConfigurationList = DA977F0021C1460F00883640 /* Build configuration list for PBXProject "SiteSnap" */;
			compatibilityVersion = "Xcode 9.3";
			developmentRegion = en;
			hasScannedForEncodings = 0;
			knownRegions = (
				en,
				Base,
			);
			mainGroup = DA977EFC21C1460F00883640;
			productRefGroup = DA977F0621C1460F00883640 /* Products */;
			projectDirPath = "";
			projectRoot = "";
			targets = (
				DA977F0421C1460F00883640 /* SiteSnap */,
				40E44DCC2618518B00C8373C /* ShareExtensionSiteSnap */,
			);
		};
/* End PBXProject section */

/* Begin PBXResourcesBuildPhase section */
		40E44DCB2618518B00C8373C /* Resources */ = {
			isa = PBXResourcesBuildPhase;
			buildActionMask = 2147483647;
			files = (
			);
			runOnlyForDeploymentPostprocessing = 0;
		};
		DA977F0321C1460F00883640 /* Resources */ = {
			isa = PBXResourcesBuildPhase;
			buildActionMask = 2147483647;
			files = (
				403EEAB525E63E5C00EB151B /* recaptcha.html in Resources */,
				DAA2705E21C8FAB10058148A /* Main.storyboard in Resources */,
				40C9F87A26072DAC00F69253 /* Annotation_v2.xib in Resources */,
				40615ADB25E1443300D4E079 /* site_snap_logo.png in Resources */,
				DA977F1621C1461100883640 /* LaunchScreen.storyboard in Resources */,
				DAB7797021E1146B00308543 /* Slider.xib in Resources */,
				DA977F1321C1461100883640 /* Assets.xcassets in Resources */,
				40B296BF21CCE61B00A3C487 /* Slide.xib in Resources */,
				DAB7796021DE868200308543 /* Annotation.xib in Resources */,
			);
			runOnlyForDeploymentPostprocessing = 0;
		};
/* End PBXResourcesBuildPhase section */

/* Begin PBXShellScriptBuildPhase section */
		1C372CAAC134B0F11EB64D4E /* [CP] Check Pods Manifest.lock */ = {
			isa = PBXShellScriptBuildPhase;
			buildActionMask = 2147483647;
			files = (
			);
			inputPaths = (
				"${PODS_PODFILE_DIR_PATH}/Podfile.lock",
				"${PODS_ROOT}/Manifest.lock",
			);
			name = "[CP] Check Pods Manifest.lock";
			outputPaths = (
				"$(DERIVED_FILE_DIR)/Pods-SiteSnap-checkManifestLockResult.txt",
			);
			runOnlyForDeploymentPostprocessing = 0;
			shellPath = /bin/sh;
			shellScript = "diff \"${PODS_PODFILE_DIR_PATH}/Podfile.lock\" \"${PODS_ROOT}/Manifest.lock\" > /dev/null\nif [ $? != 0 ] ; then\n    # print error to STDERR\n    echo \"error: The sandbox is not in sync with the Podfile.lock. Run 'pod install' or update your CocoaPods installation.\" >&2\n    exit 1\nfi\n# This output is used by Xcode 'outputs' to avoid re-running this script phase.\necho \"SUCCESS\" > \"${SCRIPT_OUTPUT_FILE_0}\"\n";
			showEnvVarsInLog = 0;
		};
		D0D025DE663E5B6141242319 /* [CP] Embed Pods Frameworks */ = {
			isa = PBXShellScriptBuildPhase;
			buildActionMask = 2147483647;
			files = (
			);
			inputFileListPaths = (
				"${PODS_ROOT}/Target Support Files/Pods-SiteSnap/Pods-SiteSnap-frameworks-${CONFIGURATION}-input-files.xcfilelist",
			);
			name = "[CP] Embed Pods Frameworks";
			outputFileListPaths = (
				"${PODS_ROOT}/Target Support Files/Pods-SiteSnap/Pods-SiteSnap-frameworks-${CONFIGURATION}-output-files.xcfilelist",
			);
			runOnlyForDeploymentPostprocessing = 0;
			shellPath = /bin/sh;
			shellScript = "\"${PODS_ROOT}/Target Support Files/Pods-SiteSnap/Pods-SiteSnap-frameworks.sh\"\n";
			showEnvVarsInLog = 0;
		};
/* End PBXShellScriptBuildPhase section */

/* Begin PBXSourcesBuildPhase section */
		40E44DC92618518B00C8373C /* Sources */ = {
			isa = PBXSourcesBuildPhase;
			buildActionMask = 2147483647;
			files = (
				40E44DD02618518B00C8373C /* ShareViewController.swift in Sources */,
			);
			runOnlyForDeploymentPostprocessing = 0;
		};
		DA977F0121C1460F00883640 /* Sources */ = {
			isa = PBXSourcesBuildPhase;
			buildActionMask = 2147483647;
			files = (
				DABA66E421D65B620036CEE7 /* AddCommentsViewController.swift in Sources */,
				4047811621EC820C006987B4 /* Constants.swift in Sources */,
				DA47325821DBB227003729BB /* PhotoInspectorViewController.swift in Sources */,
				40E44E74261885AB00C8373C /* ShareImagesViewController.swift in Sources */,
				40D025E325FDFCA600E660D0 /* BrowseTagsViewController.swift in Sources */,
				DA977F1121C1460F00883640 /* SiteSnap.xcdatamodeld in Sources */,
				407C5C0325E4E1B0003C4276 /* SignUpViewController.swift in Sources */,
				DABA66E221D23F1D0036CEE7 /* Tag+CoreDataProperties.swift in Sources */,
				403EEAAA25E63C7D00EB151B /* ReCAPTCHAViewController.swift in Sources */,
				40E9A18E22280DA5008E8352 /* NoProjectsAssignedViewController.swift in Sources */,
				4095FBE921F071A7008A39D4 /* ProjectHandler.swift in Sources */,
				4033274C21F5BE87007EE9DF /* SettingsTableViewCell.swift in Sources */,
				40E7F19126623625003DC556 /* Photo+CoreDataClass.swift in Sources */,
				40D025E625FE798C00E660D0 /* TagCell1TableViewCell.swift in Sources */,
				DAB7796A21E0F15A00308543 /* Slider.swift in Sources */,
				DAA270A221CBD5AD0058148A /* ImageDotButton.swift in Sources */,
				DABA66E121D23F1D0036CEE7 /* Tag+CoreDataClass.swift in Sources */,
				DA1E46D021F50E3C004FB425 /* ConfirmForgotPasswordViewController.swift in Sources */,
				DAA615A321E7B1D300B5B15E /* ImageForUpload.swift in Sources */,
				DA47324C21D8FA7D003729BB /* PhotoHandler.swift in Sources */,
				40D025E925FE79A100E660D0 /* TagCell2TableViewCell.swift in Sources */,
				40A4E95625EB880400FEE564 /* NewProjectViewController.swift in Sources */,
				DA1E46CE21F4EC46004FB425 /* ForgotPasswordViewController.swift in Sources */,
				405738DB2610864B00C3EC78 /* BouncingProgressView.swift in Sources */,
				DA2D954F21EB6042005DE088 /* MenuViewController.swift in Sources */,
				DA9DFA3021F2656800CB68E2 /* Media.swift in Sources */,
				DA47325A21DCC26A003729BB /* ConfirmLocationViewController.swift in Sources */,
				403EEAAE25E63DB300EB151B /* ReCAPTCHAViewModel.swift in Sources */,
				40E44EA0261A422700C8373C /* PhotoModel.swift in Sources */,
				DA2D955121ED0389005DE088 /* MenuTableViewCell.swift in Sources */,
				DA977F5521C2E91300883640 /* CameraViewController.swift in Sources */,
				DA9C51FC22153E4C00326611 /* DocumentFilesViewController.swift in Sources */,
				DAB7796821DFA26B00308543 /* PreviewView.swift in Sources */,
				40B9656121CA7240004A383D /* LocationManager.swift in Sources */,
				4010AD7A25FF44A80048D5F7 /* CircleCheckBox.swift in Sources */,
				DA47325221DA4402003729BB /* PaddingLabel.swift in Sources */,
				DA47324E21D96A1A003729BB /* TagModel.swift in Sources */,
				DAA615A121E663DF00B5B15E /* UploadsTableViewCell.swift in Sources */,
				DAB7795C21DD60D400308543 /* PhotoAnnotation.swift in Sources */,
				4010AD8025FF4E650048D5F7 /* AddNewTagViewController.swift in Sources */,
				4054ED47260F3C180045A1C0 /* CompletedUploadsTableViewCell.swift in Sources */,
				401B3F1B21E5FB8400509EF2 /* UploadsViewController.swift in Sources */,
				DAB7795E21DE7DF400308543 /* PhotoAnnotationView.swift in Sources */,
				DA9F69FD22020474006436F6 /* CheckBox.swift in Sources */,
				DA47325021DA3109003729BB /* TagCellTableViewCell.swift in Sources */,
				DA977F5A21C4E38B00883640 /* ActivityIndicatorButton.swift in Sources */,
				409ABED025E7A11200C17E1E /* ProjectTableViewCell.swift in Sources */,
				4033274621F0A00D007EE9DF /* Project+CoreDataClass.swift in Sources */,
				DAE790D12285A6A2003B465D /* NetworkState.swift in Sources */,
				4033274821F0A016007EE9DF /* Project+CoreDataProperties.swift in Sources */,
				40C9F87D26072F4500F69253 /* Annotation_V2.swift in Sources */,
				40EB38AB25F535E100BF830B /* ProcessingViewController.swift in Sources */,
				DAA2706021C922B80058148A /* ProcessingPopup.swift in Sources */,
				409ABECC25E78E2A00C17E1E /* ProjectsListViewController.swift in Sources */,
				40E7F19026623625003DC556 /* Photo+CoreDataProperties.swift in Sources */,
				4033274A21F5B52D007EE9DF /* SettingsViewController.swift in Sources */,
				DA977F5821C3F25200883640 /* FlashStateButton.swift in Sources */,
				DA977F0B21C1460F00883640 /* SignInViewController.swift in Sources */,
				DA47324A21D8E62E003729BB /* TagHandler.swift in Sources */,
				DAA5DC7421C655170000B966 /* ProjectModel.swift in Sources */,
				DA977F0921C1460F00883640 /* AppDelegate.swift in Sources */,
				40B296BA21CCD87300A3C487 /* PhotosViewController.swift in Sources */,
				DAB7796221DE8A3900308543 /* Annotation.swift in Sources */,
				DAD922F3222ADD0C00A7A93E /* BackendConnection.swift in Sources */,
				40B296BC21CCE5A000A3C487 /* Slide.swift in Sources */,
				40747BE925EA5F080009BFDE /* RoundCheckBox.swift in Sources */,
			);
			runOnlyForDeploymentPostprocessing = 0;
		};
/* End PBXSourcesBuildPhase section */

/* Begin PBXTargetDependency section */
		40E44DD62618518B00C8373C /* PBXTargetDependency */ = {
			isa = PBXTargetDependency;
			target = 40E44DCC2618518B00C8373C /* ShareExtensionSiteSnap */;
			targetProxy = 40E44DD52618518B00C8373C /* PBXContainerItemProxy */;
		};
/* End PBXTargetDependency section */

/* Begin PBXVariantGroup section */
		DA977F1421C1461100883640 /* LaunchScreen.storyboard */ = {
			isa = PBXVariantGroup;
			children = (
				DA977F1521C1461100883640 /* Base */,
			);
			name = LaunchScreen.storyboard;
			sourceTree = "<group>";
		};
		DAA2705B21C8FAB10058148A /* Main.storyboard */ = {
			isa = PBXVariantGroup;
			children = (
				DAA2705C21C8FAB10058148A /* Base */,
			);
			name = Main.storyboard;
			sourceTree = "<group>";
		};
/* End PBXVariantGroup section */

/* Begin XCBuildConfiguration section */
		40E44DD92618518B00C8373C /* Debug */ = {
			isa = XCBuildConfiguration;
			buildSettings = {
				CODE_SIGN_ENTITLEMENTS = ShareExtensionSiteSnap/ShareExtensionSiteSnap.entitlements;
				CODE_SIGN_STYLE = Automatic;
				CURRENT_PROJECT_VERSION = 9;
				DEVELOPMENT_TEAM = W4JDZP9URB;
				INFOPLIST_FILE = ShareExtensionSiteSnap/Info.plist;
				IPHONEOS_DEPLOYMENT_TARGET = 14.4;
				LD_RUNPATH_SEARCH_PATHS = (
					"$(inherited)",
					"@executable_path/Frameworks",
					"@executable_path/../../Frameworks",
				);
				MARKETING_VERSION = 2.0.7;
				PRODUCT_BUNDLE_IDENTIFIER = com.au.tridenttechnologies.sitesnapapp.ShareExtensionSiteSnap;
				PRODUCT_NAME = "$(TARGET_NAME)";
				SKIP_INSTALL = YES;
				SWIFT_VERSION = 5.0;
				TARGETED_DEVICE_FAMILY = "1,2";
			};
			name = Debug;
		};
		40E44DDA2618518B00C8373C /* Release */ = {
			isa = XCBuildConfiguration;
			buildSettings = {
				CODE_SIGN_ENTITLEMENTS = ShareExtensionSiteSnap/ShareExtensionSiteSnap.entitlements;
				CODE_SIGN_STYLE = Automatic;
				CURRENT_PROJECT_VERSION = 9;
				DEVELOPMENT_TEAM = W4JDZP9URB;
				INFOPLIST_FILE = ShareExtensionSiteSnap/Info.plist;
				IPHONEOS_DEPLOYMENT_TARGET = 14.4;
				LD_RUNPATH_SEARCH_PATHS = (
					"$(inherited)",
					"@executable_path/Frameworks",
					"@executable_path/../../Frameworks",
				);
				MARKETING_VERSION = 2.0.7;
				PRODUCT_BUNDLE_IDENTIFIER = com.au.tridenttechnologies.sitesnapapp.ShareExtensionSiteSnap;
				PRODUCT_NAME = "$(TARGET_NAME)";
				SKIP_INSTALL = YES;
				SWIFT_VERSION = 5.0;
				TARGETED_DEVICE_FAMILY = "1,2";
			};
			name = Release;
		};
		DA977F2E21C1461100883640 /* Debug */ = {
			isa = XCBuildConfiguration;
			buildSettings = {
				ALWAYS_SEARCH_USER_PATHS = NO;
				CLANG_ANALYZER_NONNULL = YES;
				CLANG_ANALYZER_NUMBER_OBJECT_CONVERSION = YES_AGGRESSIVE;
				CLANG_CXX_LANGUAGE_STANDARD = "gnu++14";
				CLANG_CXX_LIBRARY = "libc++";
				CLANG_ENABLE_MODULES = YES;
				CLANG_ENABLE_OBJC_ARC = YES;
				CLANG_ENABLE_OBJC_WEAK = YES;
				CLANG_WARN_BLOCK_CAPTURE_AUTORELEASING = YES;
				CLANG_WARN_BOOL_CONVERSION = YES;
				CLANG_WARN_COMMA = YES;
				CLANG_WARN_CONSTANT_CONVERSION = YES;
				CLANG_WARN_DEPRECATED_OBJC_IMPLEMENTATIONS = YES;
				CLANG_WARN_DIRECT_OBJC_ISA_USAGE = YES_ERROR;
				CLANG_WARN_DOCUMENTATION_COMMENTS = YES;
				CLANG_WARN_EMPTY_BODY = YES;
				CLANG_WARN_ENUM_CONVERSION = YES;
				CLANG_WARN_INFINITE_RECURSION = YES;
				CLANG_WARN_INT_CONVERSION = YES;
				CLANG_WARN_NON_LITERAL_NULL_CONVERSION = YES;
				CLANG_WARN_OBJC_IMPLICIT_RETAIN_SELF = YES;
				CLANG_WARN_OBJC_LITERAL_CONVERSION = YES;
				CLANG_WARN_OBJC_ROOT_CLASS = YES_ERROR;
				CLANG_WARN_QUOTED_INCLUDE_IN_FRAMEWORK_HEADER = YES;
				CLANG_WARN_RANGE_LOOP_ANALYSIS = YES;
				CLANG_WARN_STRICT_PROTOTYPES = YES;
				CLANG_WARN_SUSPICIOUS_MOVE = YES;
				CLANG_WARN_UNGUARDED_AVAILABILITY = YES_AGGRESSIVE;
				CLANG_WARN_UNREACHABLE_CODE = YES;
				CLANG_WARN__DUPLICATE_METHOD_MATCH = YES;
				CODE_SIGN_IDENTITY = "iPhone Developer";
				COPY_PHASE_STRIP = NO;
				DEBUG_INFORMATION_FORMAT = dwarf;
				ENABLE_STRICT_OBJC_MSGSEND = YES;
				ENABLE_TESTABILITY = YES;
				GCC_C_LANGUAGE_STANDARD = gnu11;
				GCC_DYNAMIC_NO_PIC = NO;
				GCC_NO_COMMON_BLOCKS = YES;
				GCC_OPTIMIZATION_LEVEL = 0;
				GCC_PREPROCESSOR_DEFINITIONS = (
					"DEBUG=1",
					"$(inherited)",
				);
				GCC_WARN_64_TO_32_BIT_CONVERSION = YES;
				GCC_WARN_ABOUT_RETURN_TYPE = YES_ERROR;
				GCC_WARN_UNDECLARED_SELECTOR = YES;
				GCC_WARN_UNINITIALIZED_AUTOS = YES_AGGRESSIVE;
				GCC_WARN_UNUSED_FUNCTION = YES;
				GCC_WARN_UNUSED_VARIABLE = YES;
				IPHONEOS_DEPLOYMENT_TARGET = 13.0;
				MTL_ENABLE_DEBUG_INFO = INCLUDE_SOURCE;
				MTL_FAST_MATH = YES;
				ONLY_ACTIVE_ARCH = YES;
				SDKROOT = iphoneos;
				SWIFT_ACTIVE_COMPILATION_CONDITIONS = DEBUG;
				SWIFT_OPTIMIZATION_LEVEL = "-Onone";
			};
			name = Debug;
		};
		DA977F2F21C1461100883640 /* Release */ = {
			isa = XCBuildConfiguration;
			buildSettings = {
				ALWAYS_SEARCH_USER_PATHS = NO;
				CLANG_ANALYZER_NONNULL = YES;
				CLANG_ANALYZER_NUMBER_OBJECT_CONVERSION = YES_AGGRESSIVE;
				CLANG_CXX_LANGUAGE_STANDARD = "gnu++14";
				CLANG_CXX_LIBRARY = "libc++";
				CLANG_ENABLE_MODULES = YES;
				CLANG_ENABLE_OBJC_ARC = YES;
				CLANG_ENABLE_OBJC_WEAK = YES;
				CLANG_WARN_BLOCK_CAPTURE_AUTORELEASING = YES;
				CLANG_WARN_BOOL_CONVERSION = YES;
				CLANG_WARN_COMMA = YES;
				CLANG_WARN_CONSTANT_CONVERSION = YES;
				CLANG_WARN_DEPRECATED_OBJC_IMPLEMENTATIONS = YES;
				CLANG_WARN_DIRECT_OBJC_ISA_USAGE = YES_ERROR;
				CLANG_WARN_DOCUMENTATION_COMMENTS = YES;
				CLANG_WARN_EMPTY_BODY = YES;
				CLANG_WARN_ENUM_CONVERSION = YES;
				CLANG_WARN_INFINITE_RECURSION = YES;
				CLANG_WARN_INT_CONVERSION = YES;
				CLANG_WARN_NON_LITERAL_NULL_CONVERSION = YES;
				CLANG_WARN_OBJC_IMPLICIT_RETAIN_SELF = YES;
				CLANG_WARN_OBJC_LITERAL_CONVERSION = YES;
				CLANG_WARN_OBJC_ROOT_CLASS = YES_ERROR;
				CLANG_WARN_QUOTED_INCLUDE_IN_FRAMEWORK_HEADER = YES;
				CLANG_WARN_RANGE_LOOP_ANALYSIS = YES;
				CLANG_WARN_STRICT_PROTOTYPES = YES;
				CLANG_WARN_SUSPICIOUS_MOVE = YES;
				CLANG_WARN_UNGUARDED_AVAILABILITY = YES_AGGRESSIVE;
				CLANG_WARN_UNREACHABLE_CODE = YES;
				CLANG_WARN__DUPLICATE_METHOD_MATCH = YES;
				CODE_SIGN_IDENTITY = "iPhone Developer";
				COPY_PHASE_STRIP = NO;
				DEBUG_INFORMATION_FORMAT = "dwarf-with-dsym";
				ENABLE_NS_ASSERTIONS = NO;
				ENABLE_STRICT_OBJC_MSGSEND = YES;
				GCC_C_LANGUAGE_STANDARD = gnu11;
				GCC_NO_COMMON_BLOCKS = YES;
				GCC_WARN_64_TO_32_BIT_CONVERSION = YES;
				GCC_WARN_ABOUT_RETURN_TYPE = YES_ERROR;
				GCC_WARN_UNDECLARED_SELECTOR = YES;
				GCC_WARN_UNINITIALIZED_AUTOS = YES_AGGRESSIVE;
				GCC_WARN_UNUSED_FUNCTION = YES;
				GCC_WARN_UNUSED_VARIABLE = YES;
				IPHONEOS_DEPLOYMENT_TARGET = 13.0;
				MTL_ENABLE_DEBUG_INFO = NO;
				MTL_FAST_MATH = YES;
				SDKROOT = iphoneos;
				SWIFT_COMPILATION_MODE = wholemodule;
				SWIFT_OPTIMIZATION_LEVEL = "-O";
				VALIDATE_PRODUCT = YES;
			};
			name = Release;
		};
		DA977F3121C1461100883640 /* Debug */ = {
			isa = XCBuildConfiguration;
			baseConfigurationReference = EB4AC2D94214D4822AE7D8E3 /* Pods-SiteSnap.debug.xcconfig */;
			buildSettings = {
				ALWAYS_EMBED_SWIFT_STANDARD_LIBRARIES = YES;
				ASSETCATALOG_COMPILER_APPICON_NAME = AppIcon;
				CODE_SIGN_ENTITLEMENTS = SiteSnap/SiteSnap.entitlements;
				CODE_SIGN_STYLE = Automatic;
				CURRENT_PROJECT_VERSION = 9;
				DEVELOPMENT_TEAM = W4JDZP9URB;
				INFOPLIST_FILE = SiteSnap/Info.plist;
				IPHONEOS_DEPLOYMENT_TARGET = 13.0;
				LD_RUNPATH_SEARCH_PATHS = (
					"$(inherited)",
					"@executable_path/Frameworks",
				);
				MARKETING_VERSION = 2.0.7;
				PRODUCT_BUNDLE_IDENTIFIER = com.au.tridenttechnologies.sitesnapapp;
				PRODUCT_NAME = "$(TARGET_NAME)";
				SWIFT_VERSION = 5.0;
				TARGETED_DEVICE_FAMILY = "1,2";
			};
			name = Debug;
		};
		DA977F3221C1461100883640 /* Release */ = {
			isa = XCBuildConfiguration;
			baseConfigurationReference = 6A73AA7E3AC6DD8718D48C21 /* Pods-SiteSnap.release.xcconfig */;
			buildSettings = {
				ALWAYS_EMBED_SWIFT_STANDARD_LIBRARIES = YES;
				ASSETCATALOG_COMPILER_APPICON_NAME = AppIcon;
				CODE_SIGN_ENTITLEMENTS = SiteSnap/SiteSnap.entitlements;
				CODE_SIGN_STYLE = Automatic;
				CURRENT_PROJECT_VERSION = 9;
				DEVELOPMENT_TEAM = W4JDZP9URB;
				INFOPLIST_FILE = SiteSnap/Info.plist;
				IPHONEOS_DEPLOYMENT_TARGET = 13.0;
				LD_RUNPATH_SEARCH_PATHS = (
					"$(inherited)",
					"@executable_path/Frameworks",
				);
				MARKETING_VERSION = 2.0.7;
				PRODUCT_BUNDLE_IDENTIFIER = com.au.tridenttechnologies.sitesnapapp;
				PRODUCT_NAME = "$(TARGET_NAME)";
				SWIFT_VERSION = 5.0;
				TARGETED_DEVICE_FAMILY = "1,2";
			};
			name = Release;
		};
/* End XCBuildConfiguration section */

/* Begin XCConfigurationList section */
		40E44DDB2618518B00C8373C /* Build configuration list for PBXNativeTarget "ShareExtensionSiteSnap" */ = {
			isa = XCConfigurationList;
			buildConfigurations = (
				40E44DD92618518B00C8373C /* Debug */,
				40E44DDA2618518B00C8373C /* Release */,
			);
			defaultConfigurationIsVisible = 0;
			defaultConfigurationName = Release;
		};
		DA977F0021C1460F00883640 /* Build configuration list for PBXProject "SiteSnap" */ = {
			isa = XCConfigurationList;
			buildConfigurations = (
				DA977F2E21C1461100883640 /* Debug */,
				DA977F2F21C1461100883640 /* Release */,
			);
			defaultConfigurationIsVisible = 0;
			defaultConfigurationName = Release;
		};
		DA977F3021C1461100883640 /* Build configuration list for PBXNativeTarget "SiteSnap" */ = {
			isa = XCConfigurationList;
			buildConfigurations = (
				DA977F3121C1461100883640 /* Debug */,
				DA977F3221C1461100883640 /* Release */,
			);
			defaultConfigurationIsVisible = 0;
			defaultConfigurationName = Release;
		};
/* End XCConfigurationList section */

/* Begin XCVersionGroup section */
		DA977F0F21C1460F00883640 /* SiteSnap.xcdatamodeld */ = {
			isa = XCVersionGroup;
			children = (
				DA977F1021C1460F00883640 /* SiteSnap.xcdatamodel */,
			);
			currentVersion = DA977F1021C1460F00883640 /* SiteSnap.xcdatamodel */;
			path = SiteSnap.xcdatamodeld;
			sourceTree = "<group>";
			versionGroupType = wrapper.xcdatamodel;
		};
/* End XCVersionGroup section */
	};
	rootObject = DA977EFD21C1460F00883640 /* Project object */;
}
