// !$*UTF8*$!
{
	archiveVersion = 1;
	classes = {
	};
	objectVersion = 50;
	objects = {

/* Begin PBXBuildFile section */
		401B3F1B21E5FB8400509EF2 /* UploadsViewController.swift in Sources */ = {isa = PBXBuildFile; fileRef = 401B3F1A21E5FB8400509EF2 /* UploadsViewController.swift */; };
		4033274621F0A00D007EE9DF /* Project+CoreDataClass.swift in Sources */ = {isa = PBXBuildFile; fileRef = 4033274521F0A00D007EE9DF /* Project+CoreDataClass.swift */; };
		4033274821F0A016007EE9DF /* Project+CoreDataProperties.swift in Sources */ = {isa = PBXBuildFile; fileRef = 4033274721F0A016007EE9DF /* Project+CoreDataProperties.swift */; };
		4033274A21F5B52D007EE9DF /* SettingsViewController.swift in Sources */ = {isa = PBXBuildFile; fileRef = 4033274921F5B52D007EE9DF /* SettingsViewController.swift */; };
		4033274C21F5BE87007EE9DF /* SettingsTableViewCell.swift in Sources */ = {isa = PBXBuildFile; fileRef = 4033274B21F5BE87007EE9DF /* SettingsTableViewCell.swift */; };
		4047811621EC820C006987B4 /* Constants.swift in Sources */ = {isa = PBXBuildFile; fileRef = 4047811521EC820C006987B4 /* Constants.swift */; };
		4095FBE921F071A7008A39D4 /* ProjectHandler.swift in Sources */ = {isa = PBXBuildFile; fileRef = 4095FBE821F071A7008A39D4 /* ProjectHandler.swift */; };
		40B296BA21CCD87300A3C487 /* PhotosViewController.swift in Sources */ = {isa = PBXBuildFile; fileRef = 40B296B921CCD87300A3C487 /* PhotosViewController.swift */; };
		40B296BC21CCE5A000A3C487 /* Slide.swift in Sources */ = {isa = PBXBuildFile; fileRef = 40B296BB21CCE5A000A3C487 /* Slide.swift */; };
		40B296BF21CCE61B00A3C487 /* Slide.xib in Resources */ = {isa = PBXBuildFile; fileRef = 40B296BE21CCE61B00A3C487 /* Slide.xib */; };
		40B9656121CA7240004A383D /* LocationManager.swift in Sources */ = {isa = PBXBuildFile; fileRef = 40B9656021CA7240004A383D /* LocationManager.swift */; };
		40E9A18E22280DA5008E8352 /* NoProjectsAssignedViewController.swift in Sources */ = {isa = PBXBuildFile; fileRef = 40E9A18D22280DA5008E8352 /* NoProjectsAssignedViewController.swift */; };
		803902112621DA84596AB896 /* Pods_SiteSnap.framework in Frameworks */ = {isa = PBXBuildFile; fileRef = 08D194FC8394711D1AE36F7F /* Pods_SiteSnap.framework */; };
		986B5C30526579D6810F2F9D /* Pods_SiteSnapTests.framework in Frameworks */ = {isa = PBXBuildFile; fileRef = A1CFB1EA0BFC2019A65CB46F /* Pods_SiteSnapTests.framework */; };
		BC38C8AAB78F9CDC091EF1E5 /* Pods_SiteSnapUITests.framework in Frameworks */ = {isa = PBXBuildFile; fileRef = E2508CF1AC12C64EBAC4FE17 /* Pods_SiteSnapUITests.framework */; };
		DA1E46CE21F4EC46004FB425 /* ForgotPasswordViewController.swift in Sources */ = {isa = PBXBuildFile; fileRef = DA1E46CD21F4EC46004FB425 /* ForgotPasswordViewController.swift */; };
		DA1E46D021F50E3C004FB425 /* ConfirmForgotPasswordViewController.swift in Sources */ = {isa = PBXBuildFile; fileRef = DA1E46CF21F50E3C004FB425 /* ConfirmForgotPasswordViewController.swift */; };
		DA2D954F21EB6042005DE088 /* MenuViewController.swift in Sources */ = {isa = PBXBuildFile; fileRef = DA2D954E21EB6042005DE088 /* MenuViewController.swift */; };
		DA2D955121ED0389005DE088 /* MenuTableViewCell.swift in Sources */ = {isa = PBXBuildFile; fileRef = DA2D955021ED0389005DE088 /* MenuTableViewCell.swift */; };
		DA47324821D8BF75003729BB /* TagsModalViewController.swift in Sources */ = {isa = PBXBuildFile; fileRef = DA47324721D8BF75003729BB /* TagsModalViewController.swift */; };
		DA47324A21D8E62E003729BB /* TagHandler.swift in Sources */ = {isa = PBXBuildFile; fileRef = DA47324921D8E62E003729BB /* TagHandler.swift */; };
		DA47324C21D8FA7D003729BB /* PhotoHandler.swift in Sources */ = {isa = PBXBuildFile; fileRef = DA47324B21D8FA7D003729BB /* PhotoHandler.swift */; };
		DA47324E21D96A1A003729BB /* TagModel.swift in Sources */ = {isa = PBXBuildFile; fileRef = DA47324D21D96A1A003729BB /* TagModel.swift */; };
		DA47325021DA3109003729BB /* TagCellTableViewCell.swift in Sources */ = {isa = PBXBuildFile; fileRef = DA47324F21DA3109003729BB /* TagCellTableViewCell.swift */; };
		DA47325221DA4402003729BB /* PaddingLabel.swift in Sources */ = {isa = PBXBuildFile; fileRef = DA47325121DA4402003729BB /* PaddingLabel.swift */; };
		DA47325821DBB227003729BB /* PhotoInspectorViewController.swift in Sources */ = {isa = PBXBuildFile; fileRef = DA47325721DBB227003729BB /* PhotoInspectorViewController.swift */; };
		DA47325A21DCC26A003729BB /* ConfirmLocationViewController.swift in Sources */ = {isa = PBXBuildFile; fileRef = DA47325921DCC26A003729BB /* ConfirmLocationViewController.swift */; };
		DA977F0921C1460F00883640 /* AppDelegate.swift in Sources */ = {isa = PBXBuildFile; fileRef = DA977F0821C1460F00883640 /* AppDelegate.swift */; };
		DA977F0B21C1460F00883640 /* SignInViewController.swift in Sources */ = {isa = PBXBuildFile; fileRef = DA977F0A21C1460F00883640 /* SignInViewController.swift */; };
		DA977F1121C1460F00883640 /* SiteSnap.xcdatamodeld in Sources */ = {isa = PBXBuildFile; fileRef = DA977F0F21C1460F00883640 /* SiteSnap.xcdatamodeld */; };
		DA977F1321C1461100883640 /* Assets.xcassets in Resources */ = {isa = PBXBuildFile; fileRef = DA977F1221C1461100883640 /* Assets.xcassets */; };
		DA977F1621C1461100883640 /* LaunchScreen.storyboard in Resources */ = {isa = PBXBuildFile; fileRef = DA977F1421C1461100883640 /* LaunchScreen.storyboard */; };
		DA977F2121C1461100883640 /* SiteSnapTests.swift in Sources */ = {isa = PBXBuildFile; fileRef = DA977F2021C1461100883640 /* SiteSnapTests.swift */; };
		DA977F2C21C1461100883640 /* SiteSnapUITests.swift in Sources */ = {isa = PBXBuildFile; fileRef = DA977F2B21C1461100883640 /* SiteSnapUITests.swift */; };
		DA977F5521C2E91300883640 /* CameraViewController.swift in Sources */ = {isa = PBXBuildFile; fileRef = DA977F5421C2E91300883640 /* CameraViewController.swift */; };
		DA977F5821C3F25200883640 /* FlashStateButton.swift in Sources */ = {isa = PBXBuildFile; fileRef = DA977F5721C3F25200883640 /* FlashStateButton.swift */; };
		DA977F5A21C4E38B00883640 /* ActivityIndicatorButton.swift in Sources */ = {isa = PBXBuildFile; fileRef = DA977F5921C4E38B00883640 /* ActivityIndicatorButton.swift */; };
		DA9C51FC22153E4C00326611 /* DocumentFilesViewController.swift in Sources */ = {isa = PBXBuildFile; fileRef = DA9C51FA22153E4C00326611 /* DocumentFilesViewController.swift */; };
		DA9DFA3021F2656800CB68E2 /* Media.swift in Sources */ = {isa = PBXBuildFile; fileRef = DA9DFA2F21F2656800CB68E2 /* Media.swift */; };
		DA9F69FD22020474006436F6 /* CheckBox.swift in Sources */ = {isa = PBXBuildFile; fileRef = DA9F69FC22020474006436F6 /* CheckBox.swift */; };
		DAA2705E21C8FAB10058148A /* Main.storyboard in Resources */ = {isa = PBXBuildFile; fileRef = DAA2705B21C8FAB10058148A /* Main.storyboard */; };
		DAA2706021C922B80058148A /* ProcessingPopup.swift in Sources */ = {isa = PBXBuildFile; fileRef = DAA2705F21C922B80058148A /* ProcessingPopup.swift */; };
		DAA270A221CBD5AD0058148A /* ImageDotButton.swift in Sources */ = {isa = PBXBuildFile; fileRef = DAA270A121CBD5AD0058148A /* ImageDotButton.swift */; };
		DAA5DC7421C655170000B966 /* ProjectModel.swift in Sources */ = {isa = PBXBuildFile; fileRef = DAA5DC7321C655170000B966 /* ProjectModel.swift */; };
		DAA615A121E663DF00B5B15E /* UploadsTableViewCell.swift in Sources */ = {isa = PBXBuildFile; fileRef = DAA615A021E663DF00B5B15E /* UploadsTableViewCell.swift */; };
		DAA615A321E7B1D300B5B15E /* ImageForUpload.swift in Sources */ = {isa = PBXBuildFile; fileRef = DAA615A221E7B1D300B5B15E /* ImageForUpload.swift */; };
		DAB7795C21DD60D400308543 /* PhotoAnnotation.swift in Sources */ = {isa = PBXBuildFile; fileRef = DAB7795B21DD60D400308543 /* PhotoAnnotation.swift */; };
		DAB7795E21DE7DF400308543 /* PhotoAnnotationView.swift in Sources */ = {isa = PBXBuildFile; fileRef = DAB7795D21DE7DF400308543 /* PhotoAnnotationView.swift */; };
		DAB7796021DE868200308543 /* Annotation.xib in Resources */ = {isa = PBXBuildFile; fileRef = DAB7795F21DE868200308543 /* Annotation.xib */; };
		DAB7796221DE8A3900308543 /* Annotation.swift in Sources */ = {isa = PBXBuildFile; fileRef = DAB7796121DE8A3900308543 /* Annotation.swift */; };
		DAB7796821DFA26B00308543 /* PreviewView.swift in Sources */ = {isa = PBXBuildFile; fileRef = DAB7796721DFA26B00308543 /* PreviewView.swift */; };
		DAB7796A21E0F15A00308543 /* Slider.swift in Sources */ = {isa = PBXBuildFile; fileRef = DAB7796921E0F15A00308543 /* Slider.swift */; };
		DAB7797021E1146B00308543 /* Slider.xib in Resources */ = {isa = PBXBuildFile; fileRef = DAB7796F21E1146B00308543 /* Slider.xib */; };
		DABA66DD21D23F1D0036CEE7 /* Photo+CoreDataClass.swift in Sources */ = {isa = PBXBuildFile; fileRef = DABA66D721D23F1D0036CEE7 /* Photo+CoreDataClass.swift */; };
		DABA66DE21D23F1D0036CEE7 /* Photo+CoreDataProperties.swift in Sources */ = {isa = PBXBuildFile; fileRef = DABA66D821D23F1D0036CEE7 /* Photo+CoreDataProperties.swift */; };
		DABA66E121D23F1D0036CEE7 /* Tag+CoreDataClass.swift in Sources */ = {isa = PBXBuildFile; fileRef = DABA66DB21D23F1D0036CEE7 /* Tag+CoreDataClass.swift */; };
		DABA66E221D23F1D0036CEE7 /* Tag+CoreDataProperties.swift in Sources */ = {isa = PBXBuildFile; fileRef = DABA66DC21D23F1D0036CEE7 /* Tag+CoreDataProperties.swift */; };
		DABA66E421D65B620036CEE7 /* AddCommentsViewController.swift in Sources */ = {isa = PBXBuildFile; fileRef = DABA66E321D65B620036CEE7 /* AddCommentsViewController.swift */; };
		DAD922F3222ADD0C00A7A93E /* BackendConnection.swift in Sources */ = {isa = PBXBuildFile; fileRef = DAD922F2222ADD0C00A7A93E /* BackendConnection.swift */; };
		DAE790D12285A6A2003B465D /* NetworkState.swift in Sources */ = {isa = PBXBuildFile; fileRef = DAE790D02285A6A2003B465D /* NetworkState.swift */; };
/* End PBXBuildFile section */

/* Begin PBXContainerItemProxy section */
		DA977F1D21C1461100883640 /* PBXContainerItemProxy */ = {
			isa = PBXContainerItemProxy;
			containerPortal = DA977EFD21C1460F00883640 /* Project object */;
			proxyType = 1;
			remoteGlobalIDString = DA977F0421C1460F00883640;
			remoteInfo = SiteSnap;
		};
		DA977F2821C1461100883640 /* PBXContainerItemProxy */ = {
			isa = PBXContainerItemProxy;
			containerPortal = DA977EFD21C1460F00883640 /* Project object */;
			proxyType = 1;
			remoteGlobalIDString = DA977F0421C1460F00883640;
			remoteInfo = SiteSnap;
		};
/* End PBXContainerItemProxy section */

/* Begin PBXFileReference section */
		08D194FC8394711D1AE36F7F /* Pods_SiteSnap.framework */ = {isa = PBXFileReference; explicitFileType = wrapper.framework; includeInIndex = 0; path = Pods_SiteSnap.framework; sourceTree = BUILT_PRODUCTS_DIR; };
		401B3F1A21E5FB8400509EF2 /* UploadsViewController.swift */ = {isa = PBXFileReference; lastKnownFileType = sourcecode.swift; path = UploadsViewController.swift; sourceTree = "<group>"; };
		4033274521F0A00D007EE9DF /* Project+CoreDataClass.swift */ = {isa = PBXFileReference; fileEncoding = 4; lastKnownFileType = sourcecode.swift; path = "Project+CoreDataClass.swift"; sourceTree = "<group>"; };
		4033274721F0A016007EE9DF /* Project+CoreDataProperties.swift */ = {isa = PBXFileReference; fileEncoding = 4; lastKnownFileType = sourcecode.swift; path = "Project+CoreDataProperties.swift"; sourceTree = "<group>"; };
		4033274921F5B52D007EE9DF /* SettingsViewController.swift */ = {isa = PBXFileReference; lastKnownFileType = sourcecode.swift; path = SettingsViewController.swift; sourceTree = "<group>"; };
		4033274B21F5BE87007EE9DF /* SettingsTableViewCell.swift */ = {isa = PBXFileReference; lastKnownFileType = sourcecode.swift; path = SettingsTableViewCell.swift; sourceTree = "<group>"; };
		4047811521EC820C006987B4 /* Constants.swift */ = {isa = PBXFileReference; lastKnownFileType = sourcecode.swift; path = Constants.swift; sourceTree = "<group>"; };
		405977E921C2455700AF9F4B /* MYRIADPRO-REGULAR.OTF */ = {isa = PBXFileReference; lastKnownFileType = file; path = "MYRIADPRO-REGULAR.OTF"; sourceTree = "<group>"; };
		4095FBE821F071A7008A39D4 /* ProjectHandler.swift */ = {isa = PBXFileReference; lastKnownFileType = sourcecode.swift; path = ProjectHandler.swift; sourceTree = "<group>"; };
		40B296B921CCD87300A3C487 /* PhotosViewController.swift */ = {isa = PBXFileReference; lastKnownFileType = sourcecode.swift; path = PhotosViewController.swift; sourceTree = "<group>"; };
		40B296BB21CCE5A000A3C487 /* Slide.swift */ = {isa = PBXFileReference; lastKnownFileType = sourcecode.swift; path = Slide.swift; sourceTree = "<group>"; };
		40B296BE21CCE61B00A3C487 /* Slide.xib */ = {isa = PBXFileReference; lastKnownFileType = file.xib; path = Slide.xib; sourceTree = "<group>"; };
		40B9656021CA7240004A383D /* LocationManager.swift */ = {isa = PBXFileReference; lastKnownFileType = sourcecode.swift; path = LocationManager.swift; sourceTree = "<group>"; };
		40E9A18D22280DA5008E8352 /* NoProjectsAssignedViewController.swift */ = {isa = PBXFileReference; lastKnownFileType = sourcecode.swift; path = NoProjectsAssignedViewController.swift; sourceTree = "<group>"; };
		6A73AA7E3AC6DD8718D48C21 /* Pods-SiteSnap.release.xcconfig */ = {isa = PBXFileReference; includeInIndex = 1; lastKnownFileType = text.xcconfig; name = "Pods-SiteSnap.release.xcconfig"; path = "Pods/Target Support Files/Pods-SiteSnap/Pods-SiteSnap.release.xcconfig"; sourceTree = "<group>"; };
		8F546AE8E44AB36E527F9A39 /* Pods-SiteSnapUITests.debug.xcconfig */ = {isa = PBXFileReference; includeInIndex = 1; lastKnownFileType = text.xcconfig; name = "Pods-SiteSnapUITests.debug.xcconfig"; path = "Pods/Target Support Files/Pods-SiteSnapUITests/Pods-SiteSnapUITests.debug.xcconfig"; sourceTree = "<group>"; };
		A1CFB1EA0BFC2019A65CB46F /* Pods_SiteSnapTests.framework */ = {isa = PBXFileReference; explicitFileType = wrapper.framework; includeInIndex = 0; path = Pods_SiteSnapTests.framework; sourceTree = BUILT_PRODUCTS_DIR; };
		A667BD70F929A9FE7CC99171 /* Pods-SiteSnapUITests.release.xcconfig */ = {isa = PBXFileReference; includeInIndex = 1; lastKnownFileType = text.xcconfig; name = "Pods-SiteSnapUITests.release.xcconfig"; path = "Pods/Target Support Files/Pods-SiteSnapUITests/Pods-SiteSnapUITests.release.xcconfig"; sourceTree = "<group>"; };
		AD448BB73B0722A794A046E3 /* Pods-SiteSnapTests.debug.xcconfig */ = {isa = PBXFileReference; includeInIndex = 1; lastKnownFileType = text.xcconfig; name = "Pods-SiteSnapTests.debug.xcconfig"; path = "Pods/Target Support Files/Pods-SiteSnapTests/Pods-SiteSnapTests.debug.xcconfig"; sourceTree = "<group>"; };
		B694197D45F977E7140AA1E8 /* Pods-SiteSnapTests.release.xcconfig */ = {isa = PBXFileReference; includeInIndex = 1; lastKnownFileType = text.xcconfig; name = "Pods-SiteSnapTests.release.xcconfig"; path = "Pods/Target Support Files/Pods-SiteSnapTests/Pods-SiteSnapTests.release.xcconfig"; sourceTree = "<group>"; };
		DA1E46CD21F4EC46004FB425 /* ForgotPasswordViewController.swift */ = {isa = PBXFileReference; lastKnownFileType = sourcecode.swift; path = ForgotPasswordViewController.swift; sourceTree = "<group>"; };
		DA1E46CF21F50E3C004FB425 /* ConfirmForgotPasswordViewController.swift */ = {isa = PBXFileReference; lastKnownFileType = sourcecode.swift; path = ConfirmForgotPasswordViewController.swift; sourceTree = "<group>"; };
		DA2D954E21EB6042005DE088 /* MenuViewController.swift */ = {isa = PBXFileReference; lastKnownFileType = sourcecode.swift; path = MenuViewController.swift; sourceTree = "<group>"; };
		DA2D955021ED0389005DE088 /* MenuTableViewCell.swift */ = {isa = PBXFileReference; lastKnownFileType = sourcecode.swift; path = MenuTableViewCell.swift; sourceTree = "<group>"; };
		DA47324721D8BF75003729BB /* TagsModalViewController.swift */ = {isa = PBXFileReference; lastKnownFileType = sourcecode.swift; path = TagsModalViewController.swift; sourceTree = "<group>"; };
		DA47324921D8E62E003729BB /* TagHandler.swift */ = {isa = PBXFileReference; lastKnownFileType = sourcecode.swift; path = TagHandler.swift; sourceTree = "<group>"; };
		DA47324B21D8FA7D003729BB /* PhotoHandler.swift */ = {isa = PBXFileReference; lastKnownFileType = sourcecode.swift; path = PhotoHandler.swift; sourceTree = "<group>"; };
		DA47324D21D96A1A003729BB /* TagModel.swift */ = {isa = PBXFileReference; lastKnownFileType = sourcecode.swift; path = TagModel.swift; sourceTree = "<group>"; };
		DA47324F21DA3109003729BB /* TagCellTableViewCell.swift */ = {isa = PBXFileReference; lastKnownFileType = sourcecode.swift; path = TagCellTableViewCell.swift; sourceTree = "<group>"; };
		DA47325121DA4402003729BB /* PaddingLabel.swift */ = {isa = PBXFileReference; lastKnownFileType = sourcecode.swift; path = PaddingLabel.swift; sourceTree = "<group>"; };
		DA47325721DBB227003729BB /* PhotoInspectorViewController.swift */ = {isa = PBXFileReference; lastKnownFileType = sourcecode.swift; path = PhotoInspectorViewController.swift; sourceTree = "<group>"; };
		DA47325921DCC26A003729BB /* ConfirmLocationViewController.swift */ = {isa = PBXFileReference; lastKnownFileType = sourcecode.swift; path = ConfirmLocationViewController.swift; sourceTree = "<group>"; };
		DA977F0521C1460F00883640 /* SiteSnap.app */ = {isa = PBXFileReference; explicitFileType = wrapper.application; includeInIndex = 0; path = SiteSnap.app; sourceTree = BUILT_PRODUCTS_DIR; };
		DA977F0821C1460F00883640 /* AppDelegate.swift */ = {isa = PBXFileReference; lastKnownFileType = sourcecode.swift; path = AppDelegate.swift; sourceTree = "<group>"; };
		DA977F0A21C1460F00883640 /* SignInViewController.swift */ = {isa = PBXFileReference; lastKnownFileType = sourcecode.swift; path = SignInViewController.swift; sourceTree = "<group>"; };
		DA977F1021C1460F00883640 /* SiteSnap.xcdatamodel */ = {isa = PBXFileReference; lastKnownFileType = wrapper.xcdatamodel; path = SiteSnap.xcdatamodel; sourceTree = "<group>"; };
		DA977F1221C1461100883640 /* Assets.xcassets */ = {isa = PBXFileReference; lastKnownFileType = folder.assetcatalog; path = Assets.xcassets; sourceTree = "<group>"; };
		DA977F1521C1461100883640 /* Base */ = {isa = PBXFileReference; lastKnownFileType = file.storyboard; name = Base; path = Base.lproj/LaunchScreen.storyboard; sourceTree = "<group>"; };
		DA977F1721C1461100883640 /* Info.plist */ = {isa = PBXFileReference; lastKnownFileType = text.plist.xml; path = Info.plist; sourceTree = "<group>"; };
		DA977F1C21C1461100883640 /* SiteSnapTests.xctest */ = {isa = PBXFileReference; explicitFileType = wrapper.cfbundle; includeInIndex = 0; path = SiteSnapTests.xctest; sourceTree = BUILT_PRODUCTS_DIR; };
		DA977F2021C1461100883640 /* SiteSnapTests.swift */ = {isa = PBXFileReference; lastKnownFileType = sourcecode.swift; path = SiteSnapTests.swift; sourceTree = "<group>"; };
		DA977F2221C1461100883640 /* Info.plist */ = {isa = PBXFileReference; lastKnownFileType = text.plist.xml; path = Info.plist; sourceTree = "<group>"; };
		DA977F2721C1461100883640 /* SiteSnapUITests.xctest */ = {isa = PBXFileReference; explicitFileType = wrapper.cfbundle; includeInIndex = 0; path = SiteSnapUITests.xctest; sourceTree = BUILT_PRODUCTS_DIR; };
		DA977F2B21C1461100883640 /* SiteSnapUITests.swift */ = {isa = PBXFileReference; lastKnownFileType = sourcecode.swift; path = SiteSnapUITests.swift; sourceTree = "<group>"; };
		DA977F2D21C1461100883640 /* Info.plist */ = {isa = PBXFileReference; lastKnownFileType = text.plist.xml; path = Info.plist; sourceTree = "<group>"; };
		DA977F5421C2E91300883640 /* CameraViewController.swift */ = {isa = PBXFileReference; lastKnownFileType = sourcecode.swift; path = CameraViewController.swift; sourceTree = "<group>"; };
		DA977F5721C3F25200883640 /* FlashStateButton.swift */ = {isa = PBXFileReference; lastKnownFileType = sourcecode.swift; path = FlashStateButton.swift; sourceTree = "<group>"; };
		DA977F5921C4E38B00883640 /* ActivityIndicatorButton.swift */ = {isa = PBXFileReference; lastKnownFileType = sourcecode.swift; path = ActivityIndicatorButton.swift; sourceTree = "<group>"; };
		DA9C51FA22153E4C00326611 /* DocumentFilesViewController.swift */ = {isa = PBXFileReference; lastKnownFileType = sourcecode.swift; path = DocumentFilesViewController.swift; sourceTree = "<group>"; };
		DA9DFA2F21F2656800CB68E2 /* Media.swift */ = {isa = PBXFileReference; lastKnownFileType = sourcecode.swift; path = Media.swift; sourceTree = "<group>"; };
		DA9F69FC22020474006436F6 /* CheckBox.swift */ = {isa = PBXFileReference; lastKnownFileType = sourcecode.swift; path = CheckBox.swift; sourceTree = "<group>"; };
		DAA2705C21C8FAB10058148A /* Base */ = {isa = PBXFileReference; lastKnownFileType = file.storyboard; name = Base; path = Main.storyboard; sourceTree = "<group>"; };
		DAA2705F21C922B80058148A /* ProcessingPopup.swift */ = {isa = PBXFileReference; lastKnownFileType = sourcecode.swift; path = ProcessingPopup.swift; sourceTree = "<group>"; };
		DAA270A121CBD5AD0058148A /* ImageDotButton.swift */ = {isa = PBXFileReference; lastKnownFileType = sourcecode.swift; path = ImageDotButton.swift; sourceTree = "<group>"; };
		DAA5DC7321C655170000B966 /* ProjectModel.swift */ = {isa = PBXFileReference; lastKnownFileType = sourcecode.swift; path = ProjectModel.swift; sourceTree = "<group>"; };
		DAA615A021E663DF00B5B15E /* UploadsTableViewCell.swift */ = {isa = PBXFileReference; lastKnownFileType = sourcecode.swift; path = UploadsTableViewCell.swift; sourceTree = "<group>"; };
		DAA615A221E7B1D300B5B15E /* ImageForUpload.swift */ = {isa = PBXFileReference; lastKnownFileType = sourcecode.swift; path = ImageForUpload.swift; sourceTree = "<group>"; };
		DAB7795B21DD60D400308543 /* PhotoAnnotation.swift */ = {isa = PBXFileReference; lastKnownFileType = sourcecode.swift; path = PhotoAnnotation.swift; sourceTree = "<group>"; };
		DAB7795D21DE7DF400308543 /* PhotoAnnotationView.swift */ = {isa = PBXFileReference; lastKnownFileType = sourcecode.swift; path = PhotoAnnotationView.swift; sourceTree = "<group>"; };
		DAB7795F21DE868200308543 /* Annotation.xib */ = {isa = PBXFileReference; lastKnownFileType = file.xib; path = Annotation.xib; sourceTree = "<group>"; };
		DAB7796121DE8A3900308543 /* Annotation.swift */ = {isa = PBXFileReference; lastKnownFileType = sourcecode.swift; path = Annotation.swift; sourceTree = "<group>"; };
		DAB7796721DFA26B00308543 /* PreviewView.swift */ = {isa = PBXFileReference; lastKnownFileType = sourcecode.swift; path = PreviewView.swift; sourceTree = "<group>"; };
		DAB7796921E0F15A00308543 /* Slider.swift */ = {isa = PBXFileReference; lastKnownFileType = sourcecode.swift; path = Slider.swift; sourceTree = "<group>"; };
		DAB7796F21E1146B00308543 /* Slider.xib */ = {isa = PBXFileReference; lastKnownFileType = file.xib; path = Slider.xib; sourceTree = "<group>"; };
		DABA66D721D23F1D0036CEE7 /* Photo+CoreDataClass.swift */ = {isa = PBXFileReference; lastKnownFileType = sourcecode.swift; path = "Photo+CoreDataClass.swift"; sourceTree = "<group>"; };
		DABA66D821D23F1D0036CEE7 /* Photo+CoreDataProperties.swift */ = {isa = PBXFileReference; lastKnownFileType = sourcecode.swift; path = "Photo+CoreDataProperties.swift"; sourceTree = "<group>"; };
		DABA66DB21D23F1D0036CEE7 /* Tag+CoreDataClass.swift */ = {isa = PBXFileReference; lastKnownFileType = sourcecode.swift; path = "Tag+CoreDataClass.swift"; sourceTree = "<group>"; };
		DABA66DC21D23F1D0036CEE7 /* Tag+CoreDataProperties.swift */ = {isa = PBXFileReference; lastKnownFileType = sourcecode.swift; path = "Tag+CoreDataProperties.swift"; sourceTree = "<group>"; };
		DABA66E321D65B620036CEE7 /* AddCommentsViewController.swift */ = {isa = PBXFileReference; lastKnownFileType = sourcecode.swift; path = AddCommentsViewController.swift; sourceTree = "<group>"; };
		DAD922F2222ADD0C00A7A93E /* BackendConnection.swift */ = {isa = PBXFileReference; lastKnownFileType = sourcecode.swift; path = BackendConnection.swift; sourceTree = "<group>"; };
		DAE790D02285A6A2003B465D /* NetworkState.swift */ = {isa = PBXFileReference; lastKnownFileType = sourcecode.swift; path = NetworkState.swift; sourceTree = "<group>"; };
		E2508CF1AC12C64EBAC4FE17 /* Pods_SiteSnapUITests.framework */ = {isa = PBXFileReference; explicitFileType = wrapper.framework; includeInIndex = 0; path = Pods_SiteSnapUITests.framework; sourceTree = BUILT_PRODUCTS_DIR; };
		EB4AC2D94214D4822AE7D8E3 /* Pods-SiteSnap.debug.xcconfig */ = {isa = PBXFileReference; includeInIndex = 1; lastKnownFileType = text.xcconfig; name = "Pods-SiteSnap.debug.xcconfig"; path = "Pods/Target Support Files/Pods-SiteSnap/Pods-SiteSnap.debug.xcconfig"; sourceTree = "<group>"; };
/* End PBXFileReference section */

/* Begin PBXFrameworksBuildPhase section */
		DA977F0221C1460F00883640 /* Frameworks */ = {
			isa = PBXFrameworksBuildPhase;
			buildActionMask = 2147483647;
			files = (
				803902112621DA84596AB896 /* Pods_SiteSnap.framework in Frameworks */,
			);
			runOnlyForDeploymentPostprocessing = 0;
		};
		DA977F1921C1461100883640 /* Frameworks */ = {
			isa = PBXFrameworksBuildPhase;
			buildActionMask = 2147483647;
			files = (
				986B5C30526579D6810F2F9D /* Pods_SiteSnapTests.framework in Frameworks */,
			);
			runOnlyForDeploymentPostprocessing = 0;
		};
		DA977F2421C1461100883640 /* Frameworks */ = {
			isa = PBXFrameworksBuildPhase;
			buildActionMask = 2147483647;
			files = (
				BC38C8AAB78F9CDC091EF1E5 /* Pods_SiteSnapUITests.framework in Frameworks */,
			);
			runOnlyForDeploymentPostprocessing = 0;
		};
/* End PBXFrameworksBuildPhase section */

/* Begin PBXGroup section */
		119EB5E4C864C37FECC5FF17 /* Frameworks */ = {
			isa = PBXGroup;
			children = (
				08D194FC8394711D1AE36F7F /* Pods_SiteSnap.framework */,
				A1CFB1EA0BFC2019A65CB46F /* Pods_SiteSnapTests.framework */,
				E2508CF1AC12C64EBAC4FE17 /* Pods_SiteSnapUITests.framework */,
			);
			name = Frameworks;
			sourceTree = "<group>";
		};
		3F13EECA5D4600273754C76C /* Pods */ = {
			isa = PBXGroup;
			children = (
				EB4AC2D94214D4822AE7D8E3 /* Pods-SiteSnap.debug.xcconfig */,
				6A73AA7E3AC6DD8718D48C21 /* Pods-SiteSnap.release.xcconfig */,
				AD448BB73B0722A794A046E3 /* Pods-SiteSnapTests.debug.xcconfig */,
				B694197D45F977E7140AA1E8 /* Pods-SiteSnapTests.release.xcconfig */,
				8F546AE8E44AB36E527F9A39 /* Pods-SiteSnapUITests.debug.xcconfig */,
				A667BD70F929A9FE7CC99171 /* Pods-SiteSnapUITests.release.xcconfig */,
			);
			name = Pods;
			sourceTree = "<group>";
		};
		405977E821C242BF00AF9F4B /* Fonts */ = {
			isa = PBXGroup;
			children = (
				405977E921C2455700AF9F4B /* MYRIADPRO-REGULAR.OTF */,
			);
			path = Fonts;
			sourceTree = "<group>";
		};
		40B296BD21CCE5C100A3C487 /* views */ = {
			isa = PBXGroup;
			children = (
				40B296BE21CCE61B00A3C487 /* Slide.xib */,
				DAB7795F21DE868200308543 /* Annotation.xib */,
				DAB7796F21E1146B00308543 /* Slider.xib */,
			);
			path = views;
			sourceTree = "<group>";
		};
		DA977EFC21C1460F00883640 = {
			isa = PBXGroup;
			children = (
				DA977F0721C1460F00883640 /* SiteSnap */,
				DA977F2A21C1461100883640 /* SiteSnapUITests */,
				DA977F0621C1460F00883640 /* Products */,
				DA977F1F21C1461100883640 /* SiteSnapTests */,
				3F13EECA5D4600273754C76C /* Pods */,
				119EB5E4C864C37FECC5FF17 /* Frameworks */,
			);
			sourceTree = "<group>";
		};
		DA977F0621C1460F00883640 /* Products */ = {
			isa = PBXGroup;
			children = (
				DA977F0521C1460F00883640 /* SiteSnap.app */,
				DA977F1C21C1461100883640 /* SiteSnapTests.xctest */,
				DA977F2721C1461100883640 /* SiteSnapUITests.xctest */,
			);
			name = Products;
			sourceTree = "<group>";
		};
		DA977F0721C1460F00883640 /* SiteSnap */ = {
			isa = PBXGroup;
			children = (
				DABA66CA21D23DE90036CEE7 /* dataModels */,
				40B296BD21CCE5C100A3C487 /* views */,
				DAA5DC7221C654EB0000B966 /* Models */,
				DA977F5621C3F21C00883640 /* subClasses */,
				405977E821C242BF00AF9F4B /* Fonts */,
				DA977F0821C1460F00883640 /* AppDelegate.swift */,
				4047811521EC820C006987B4 /* Constants.swift */,
				DAD922F2222ADD0C00A7A93E /* BackendConnection.swift */,
				DA977F0A21C1460F00883640 /* SignInViewController.swift */,
				DA1E46CD21F4EC46004FB425 /* ForgotPasswordViewController.swift */,
				DA1E46CF21F50E3C004FB425 /* ConfirmForgotPasswordViewController.swift */,
				401B3F1A21E5FB8400509EF2 /* UploadsViewController.swift */,
				DAA615A021E663DF00B5B15E /* UploadsTableViewCell.swift */,
				DA977F5421C2E91300883640 /* CameraViewController.swift */,
				DA2D954E21EB6042005DE088 /* MenuViewController.swift */,
				40E9A18D22280DA5008E8352 /* NoProjectsAssignedViewController.swift */,
				4033274921F5B52D007EE9DF /* SettingsViewController.swift */,
				4033274B21F5BE87007EE9DF /* SettingsTableViewCell.swift */,
				DA2D955021ED0389005DE088 /* MenuTableViewCell.swift */,
				40B296B921CCD87300A3C487 /* PhotosViewController.swift */,
				DABA66E321D65B620036CEE7 /* AddCommentsViewController.swift */,
				DA47325721DBB227003729BB /* PhotoInspectorViewController.swift */,
				DA47325921DCC26A003729BB /* ConfirmLocationViewController.swift */,
				DA47324721D8BF75003729BB /* TagsModalViewController.swift */,
				DA47324F21DA3109003729BB /* TagCellTableViewCell.swift */,
				40B296BB21CCE5A000A3C487 /* Slide.swift */,
				DA9C51FA22153E4C00326611 /* DocumentFilesViewController.swift */,
				DAB7796121DE8A3900308543 /* Annotation.swift */,
				DA977F1221C1461100883640 /* Assets.xcassets */,
				DA977F1721C1461100883640 /* Info.plist */,
				DA977F0F21C1460F00883640 /* SiteSnap.xcdatamodeld */,
				DAA2705821C8FAB10058148A /* Base.lproj */,
			);
			path = SiteSnap;
			sourceTree = "<group>";
		};
		DA977F1F21C1461100883640 /* SiteSnapTests */ = {
			isa = PBXGroup;
			children = (
				DA977F2021C1461100883640 /* SiteSnapTests.swift */,
				DA977F2221C1461100883640 /* Info.plist */,
			);
			path = SiteSnapTests;
			sourceTree = "<group>";
		};
		DA977F2A21C1461100883640 /* SiteSnapUITests */ = {
			isa = PBXGroup;
			children = (
				DA977F2B21C1461100883640 /* SiteSnapUITests.swift */,
				DA977F2D21C1461100883640 /* Info.plist */,
			);
			path = SiteSnapUITests;
			sourceTree = "<group>";
		};
		DA977F5621C3F21C00883640 /* subClasses */ = {
			isa = PBXGroup;
			children = (
				DA977F5721C3F25200883640 /* FlashStateButton.swift */,
				DA977F5921C4E38B00883640 /* ActivityIndicatorButton.swift */,
				DAA2705F21C922B80058148A /* ProcessingPopup.swift */,
				40B9656021CA7240004A383D /* LocationManager.swift */,
				DAA270A121CBD5AD0058148A /* ImageDotButton.swift */,
				DA47325121DA4402003729BB /* PaddingLabel.swift */,
				DAB7795B21DD60D400308543 /* PhotoAnnotation.swift */,
				DAB7795D21DE7DF400308543 /* PhotoAnnotationView.swift */,
				DAB7796721DFA26B00308543 /* PreviewView.swift */,
				DAB7796921E0F15A00308543 /* Slider.swift */,
				DA9F69FC22020474006436F6 /* CheckBox.swift */,
				DAE790D02285A6A2003B465D /* NetworkState.swift */,
			);
			path = subClasses;
			sourceTree = "<group>";
		};
		DAA2705821C8FAB10058148A /* Base.lproj */ = {
			isa = PBXGroup;
			children = (
				DA977F1421C1461100883640 /* LaunchScreen.storyboard */,
				DAA2705B21C8FAB10058148A /* Main.storyboard */,
			);
			path = Base.lproj;
			sourceTree = "<group>";
		};
		DAA5DC7221C654EB0000B966 /* Models */ = {
			isa = PBXGroup;
			children = (
				DAA5DC7321C655170000B966 /* ProjectModel.swift */,
				DA47324921D8E62E003729BB /* TagHandler.swift */,
				DA47324B21D8FA7D003729BB /* PhotoHandler.swift */,
				DA47324D21D96A1A003729BB /* TagModel.swift */,
				DAA615A221E7B1D300B5B15E /* ImageForUpload.swift */,
				4095FBE821F071A7008A39D4 /* ProjectHandler.swift */,
				DA9DFA2F21F2656800CB68E2 /* Media.swift */,
			);
			path = Models;
			sourceTree = "<group>";
		};
		DABA66CA21D23DE90036CEE7 /* dataModels */ = {
			isa = PBXGroup;
			children = (
				4033274721F0A016007EE9DF /* Project+CoreDataProperties.swift */,
				4033274521F0A00D007EE9DF /* Project+CoreDataClass.swift */,
				DABA66D721D23F1D0036CEE7 /* Photo+CoreDataClass.swift */,
				DABA66D821D23F1D0036CEE7 /* Photo+CoreDataProperties.swift */,
				DABA66DB21D23F1D0036CEE7 /* Tag+CoreDataClass.swift */,
				DABA66DC21D23F1D0036CEE7 /* Tag+CoreDataProperties.swift */,
			);
			path = dataModels;
			sourceTree = "<group>";
		};
/* End PBXGroup section */

/* Begin PBXNativeTarget section */
		DA977F0421C1460F00883640 /* SiteSnap */ = {
			isa = PBXNativeTarget;
			buildConfigurationList = DA977F3021C1461100883640 /* Build configuration list for PBXNativeTarget "SiteSnap" */;
			buildPhases = (
				1C372CAAC134B0F11EB64D4E /* [CP] Check Pods Manifest.lock */,
				DA977F0121C1460F00883640 /* Sources */,
				DA977F0221C1460F00883640 /* Frameworks */,
				DA977F0321C1460F00883640 /* Resources */,
				D0D025DE663E5B6141242319 /* [CP] Embed Pods Frameworks */,
			);
			buildRules = (
			);
			dependencies = (
			);
			name = SiteSnap;
			productName = SiteSnap;
			productReference = DA977F0521C1460F00883640 /* SiteSnap.app */;
			productType = "com.apple.product-type.application";
		};
		DA977F1B21C1461100883640 /* SiteSnapTests */ = {
			isa = PBXNativeTarget;
			buildConfigurationList = DA977F3321C1461100883640 /* Build configuration list for PBXNativeTarget "SiteSnapTests" */;
			buildPhases = (
				82EE54033F391DD6AF5DB967 /* [CP] Check Pods Manifest.lock */,
				DA977F1821C1461100883640 /* Sources */,
				DA977F1921C1461100883640 /* Frameworks */,
				DA977F1A21C1461100883640 /* Resources */,
			);
			buildRules = (
			);
			dependencies = (
				DA977F1E21C1461100883640 /* PBXTargetDependency */,
			);
			name = SiteSnapTests;
			productName = SiteSnapTests;
			productReference = DA977F1C21C1461100883640 /* SiteSnapTests.xctest */;
			productType = "com.apple.product-type.bundle.unit-test";
		};
		DA977F2621C1461100883640 /* SiteSnapUITests */ = {
			isa = PBXNativeTarget;
			buildConfigurationList = DA977F3621C1461100883640 /* Build configuration list for PBXNativeTarget "SiteSnapUITests" */;
			buildPhases = (
				0DECA7973A5AD4CB102C5526 /* [CP] Check Pods Manifest.lock */,
				DA977F2321C1461100883640 /* Sources */,
				DA977F2421C1461100883640 /* Frameworks */,
				DA977F2521C1461100883640 /* Resources */,
			);
			buildRules = (
			);
			dependencies = (
				DA977F2921C1461100883640 /* PBXTargetDependency */,
			);
			name = SiteSnapUITests;
			productName = SiteSnapUITests;
			productReference = DA977F2721C1461100883640 /* SiteSnapUITests.xctest */;
			productType = "com.apple.product-type.bundle.ui-testing";
		};
/* End PBXNativeTarget section */

/* Begin PBXProject section */
		DA977EFD21C1460F00883640 /* Project object */ = {
			isa = PBXProject;
			attributes = {
				LastSwiftUpdateCheck = 1010;
				LastUpgradeCheck = 1010;
				ORGANIZATIONNAME = "Paul Oprea";
				TargetAttributes = {
					DA977F0421C1460F00883640 = {
						CreatedOnToolsVersion = 10.1;
						LastSwiftMigration = 1030;
						SystemCapabilities = {
							com.apple.BackgroundModes = {
								enabled = 0;
							};
						};
					};
					DA977F1B21C1461100883640 = {
						CreatedOnToolsVersion = 10.1;
						TestTargetID = DA977F0421C1460F00883640;
					};
					DA977F2621C1461100883640 = {
						CreatedOnToolsVersion = 10.1;
						TestTargetID = DA977F0421C1460F00883640;
					};
				};
			};
			buildConfigurationList = DA977F0021C1460F00883640 /* Build configuration list for PBXProject "SiteSnap" */;
			compatibilityVersion = "Xcode 9.3";
			developmentRegion = en;
			hasScannedForEncodings = 0;
			knownRegions = (
				en,
				Base,
			);
			mainGroup = DA977EFC21C1460F00883640;
			productRefGroup = DA977F0621C1460F00883640 /* Products */;
			projectDirPath = "";
			projectRoot = "";
			targets = (
				DA977F0421C1460F00883640 /* SiteSnap */,
				DA977F1B21C1461100883640 /* SiteSnapTests */,
				DA977F2621C1461100883640 /* SiteSnapUITests */,
			);
		};
/* End PBXProject section */

/* Begin PBXResourcesBuildPhase section */
		DA977F0321C1460F00883640 /* Resources */ = {
			isa = PBXResourcesBuildPhase;
			buildActionMask = 2147483647;
			files = (
				DAA2705E21C8FAB10058148A /* Main.storyboard in Resources */,
				DA977F1621C1461100883640 /* LaunchScreen.storyboard in Resources */,
				DAB7797021E1146B00308543 /* Slider.xib in Resources */,
				DA977F1321C1461100883640 /* Assets.xcassets in Resources */,
				40B296BF21CCE61B00A3C487 /* Slide.xib in Resources */,
				DAB7796021DE868200308543 /* Annotation.xib in Resources */,
			);
			runOnlyForDeploymentPostprocessing = 0;
		};
		DA977F1A21C1461100883640 /* Resources */ = {
			isa = PBXResourcesBuildPhase;
			buildActionMask = 2147483647;
			files = (
			);
			runOnlyForDeploymentPostprocessing = 0;
		};
		DA977F2521C1461100883640 /* Resources */ = {
			isa = PBXResourcesBuildPhase;
			buildActionMask = 2147483647;
			files = (
			);
			runOnlyForDeploymentPostprocessing = 0;
		};
/* End PBXResourcesBuildPhase section */

/* Begin PBXShellScriptBuildPhase section */
		0DECA7973A5AD4CB102C5526 /* [CP] Check Pods Manifest.lock */ = {
			isa = PBXShellScriptBuildPhase;
			buildActionMask = 2147483647;
			files = (
			);
			inputPaths = (
				"${PODS_PODFILE_DIR_PATH}/Podfile.lock",
				"${PODS_ROOT}/Manifest.lock",
			);
			name = "[CP] Check Pods Manifest.lock";
			outputPaths = (
				"$(DERIVED_FILE_DIR)/Pods-SiteSnapUITests-checkManifestLockResult.txt",
			);
			runOnlyForDeploymentPostprocessing = 0;
			shellPath = /bin/sh;
			shellScript = "diff \"${PODS_PODFILE_DIR_PATH}/Podfile.lock\" \"${PODS_ROOT}/Manifest.lock\" > /dev/null\nif [ $? != 0 ] ; then\n    # print error to STDERR\n    echo \"error: The sandbox is not in sync with the Podfile.lock. Run 'pod install' or update your CocoaPods installation.\" >&2\n    exit 1\nfi\n# This output is used by Xcode 'outputs' to avoid re-running this script phase.\necho \"SUCCESS\" > \"${SCRIPT_OUTPUT_FILE_0}\"\n";
			showEnvVarsInLog = 0;
		};
		1C372CAAC134B0F11EB64D4E /* [CP] Check Pods Manifest.lock */ = {
			isa = PBXShellScriptBuildPhase;
			buildActionMask = 2147483647;
			files = (
			);
			inputPaths = (
				"${PODS_PODFILE_DIR_PATH}/Podfile.lock",
				"${PODS_ROOT}/Manifest.lock",
			);
			name = "[CP] Check Pods Manifest.lock";
			outputPaths = (
				"$(DERIVED_FILE_DIR)/Pods-SiteSnap-checkManifestLockResult.txt",
			);
			runOnlyForDeploymentPostprocessing = 0;
			shellPath = /bin/sh;
			shellScript = "diff \"${PODS_PODFILE_DIR_PATH}/Podfile.lock\" \"${PODS_ROOT}/Manifest.lock\" > /dev/null\nif [ $? != 0 ] ; then\n    # print error to STDERR\n    echo \"error: The sandbox is not in sync with the Podfile.lock. Run 'pod install' or update your CocoaPods installation.\" >&2\n    exit 1\nfi\n# This output is used by Xcode 'outputs' to avoid re-running this script phase.\necho \"SUCCESS\" > \"${SCRIPT_OUTPUT_FILE_0}\"\n";
			showEnvVarsInLog = 0;
		};
		82EE54033F391DD6AF5DB967 /* [CP] Check Pods Manifest.lock */ = {
			isa = PBXShellScriptBuildPhase;
			buildActionMask = 2147483647;
			files = (
			);
			inputPaths = (
				"${PODS_PODFILE_DIR_PATH}/Podfile.lock",
				"${PODS_ROOT}/Manifest.lock",
			);
			name = "[CP] Check Pods Manifest.lock";
			outputPaths = (
				"$(DERIVED_FILE_DIR)/Pods-SiteSnapTests-checkManifestLockResult.txt",
			);
			runOnlyForDeploymentPostprocessing = 0;
			shellPath = /bin/sh;
			shellScript = "diff \"${PODS_PODFILE_DIR_PATH}/Podfile.lock\" \"${PODS_ROOT}/Manifest.lock\" > /dev/null\nif [ $? != 0 ] ; then\n    # print error to STDERR\n    echo \"error: The sandbox is not in sync with the Podfile.lock. Run 'pod install' or update your CocoaPods installation.\" >&2\n    exit 1\nfi\n# This output is used by Xcode 'outputs' to avoid re-running this script phase.\necho \"SUCCESS\" > \"${SCRIPT_OUTPUT_FILE_0}\"\n";
			showEnvVarsInLog = 0;
		};
		D0D025DE663E5B6141242319 /* [CP] Embed Pods Frameworks */ = {
			isa = PBXShellScriptBuildPhase;
			buildActionMask = 2147483647;
			files = (
			);
			inputPaths = (
				"${SRCROOT}/Pods/Target Support Files/Pods-SiteSnap/Pods-SiteSnap-frameworks.sh",
				"${BUILT_PRODUCTS_DIR}/AWSCognitoIdentityProvider/AWSCognitoIdentityProvider.framework",
				"${BUILT_PRODUCTS_DIR}/AWSCognitoIdentityProviderASF/AWSCognitoIdentityProviderASF.framework",
				"${BUILT_PRODUCTS_DIR}/AWSCore/AWSCore.framework",
				"${BUILT_PRODUCTS_DIR}/Alamofire/Alamofire.framework",
				"${BUILT_PRODUCTS_DIR}/AssetsPickerViewController/AssetsPickerViewController.framework",
				"${BUILT_PRODUCTS_DIR}/Device/Device.framework",
				"${BUILT_PRODUCTS_DIR}/Dimmer/Dimmer.framework",
				"${BUILT_PRODUCTS_DIR}/FadeView/FadeView.framework",
				"${BUILT_PRODUCTS_DIR}/PureLayout/PureLayout.framework",
				"${BUILT_PRODUCTS_DIR}/SnapKit/SnapKit.framework",
				"${BUILT_PRODUCTS_DIR}/SwiftARGB/SwiftARGB.framework",
				"${BUILT_PRODUCTS_DIR}/SwiftyJSON/SwiftyJSON.framework",
				"${BUILT_PRODUCTS_DIR}/TinyLog/TinyLog.framework",
				"${BUILT_PRODUCTS_DIR}/UIViewKVO/UIViewKVO.framework",
			);
			name = "[CP] Embed Pods Frameworks";
			outputPaths = (
				"${TARGET_BUILD_DIR}/${FRAMEWORKS_FOLDER_PATH}/AWSCognitoIdentityProvider.framework",
				"${TARGET_BUILD_DIR}/${FRAMEWORKS_FOLDER_PATH}/AWSCognitoIdentityProviderASF.framework",
				"${TARGET_BUILD_DIR}/${FRAMEWORKS_FOLDER_PATH}/AWSCore.framework",
				"${TARGET_BUILD_DIR}/${FRAMEWORKS_FOLDER_PATH}/Alamofire.framework",
				"${TARGET_BUILD_DIR}/${FRAMEWORKS_FOLDER_PATH}/AssetsPickerViewController.framework",
				"${TARGET_BUILD_DIR}/${FRAMEWORKS_FOLDER_PATH}/Device.framework",
				"${TARGET_BUILD_DIR}/${FRAMEWORKS_FOLDER_PATH}/Dimmer.framework",
				"${TARGET_BUILD_DIR}/${FRAMEWORKS_FOLDER_PATH}/FadeView.framework",
				"${TARGET_BUILD_DIR}/${FRAMEWORKS_FOLDER_PATH}/PureLayout.framework",
				"${TARGET_BUILD_DIR}/${FRAMEWORKS_FOLDER_PATH}/SnapKit.framework",
				"${TARGET_BUILD_DIR}/${FRAMEWORKS_FOLDER_PATH}/SwiftARGB.framework",
				"${TARGET_BUILD_DIR}/${FRAMEWORKS_FOLDER_PATH}/SwiftyJSON.framework",
				"${TARGET_BUILD_DIR}/${FRAMEWORKS_FOLDER_PATH}/TinyLog.framework",
				"${TARGET_BUILD_DIR}/${FRAMEWORKS_FOLDER_PATH}/UIViewKVO.framework",
			);
			runOnlyForDeploymentPostprocessing = 0;
			shellPath = /bin/sh;
			shellScript = "\"${SRCROOT}/Pods/Target Support Files/Pods-SiteSnap/Pods-SiteSnap-frameworks.sh\"\n";
			showEnvVarsInLog = 0;
		};
/* End PBXShellScriptBuildPhase section */

/* Begin PBXSourcesBuildPhase section */
		DA977F0121C1460F00883640 /* Sources */ = {
			isa = PBXSourcesBuildPhase;
			buildActionMask = 2147483647;
			files = (
				DABA66E421D65B620036CEE7 /* AddCommentsViewController.swift in Sources */,
				4047811621EC820C006987B4 /* Constants.swift in Sources */,
				DA47325821DBB227003729BB /* PhotoInspectorViewController.swift in Sources */,
				DA977F1121C1460F00883640 /* SiteSnap.xcdatamodeld in Sources */,
				DABA66E221D23F1D0036CEE7 /* Tag+CoreDataProperties.swift in Sources */,
				40E9A18E22280DA5008E8352 /* NoProjectsAssignedViewController.swift in Sources */,
				4095FBE921F071A7008A39D4 /* ProjectHandler.swift in Sources */,
				4033274C21F5BE87007EE9DF /* SettingsTableViewCell.swift in Sources */,
				DAB7796A21E0F15A00308543 /* Slider.swift in Sources */,
				DAA270A221CBD5AD0058148A /* ImageDotButton.swift in Sources */,
				DABA66E121D23F1D0036CEE7 /* Tag+CoreDataClass.swift in Sources */,
				DA1E46D021F50E3C004FB425 /* ConfirmForgotPasswordViewController.swift in Sources */,
				DABA66DE21D23F1D0036CEE7 /* Photo+CoreDataProperties.swift in Sources */,
				DAA615A321E7B1D300B5B15E /* ImageForUpload.swift in Sources */,
				DA47324C21D8FA7D003729BB /* PhotoHandler.swift in Sources */,
				DA1E46CE21F4EC46004FB425 /* ForgotPasswordViewController.swift in Sources */,
				DA47324821D8BF75003729BB /* TagsModalViewController.swift in Sources */,
				DA2D954F21EB6042005DE088 /* MenuViewController.swift in Sources */,
				DA9DFA3021F2656800CB68E2 /* Media.swift in Sources */,
				DA47325A21DCC26A003729BB /* ConfirmLocationViewController.swift in Sources */,
				DA2D955121ED0389005DE088 /* MenuTableViewCell.swift in Sources */,
				DA977F5521C2E91300883640 /* CameraViewController.swift in Sources */,
				DA9C51FC22153E4C00326611 /* DocumentFilesViewController.swift in Sources */,
				DAB7796821DFA26B00308543 /* PreviewView.swift in Sources */,
				40B9656121CA7240004A383D /* LocationManager.swift in Sources */,
				DA47325221DA4402003729BB /* PaddingLabel.swift in Sources */,
				DA47324E21D96A1A003729BB /* TagModel.swift in Sources */,
				DAA615A121E663DF00B5B15E /* UploadsTableViewCell.swift in Sources */,
				DAB7795C21DD60D400308543 /* PhotoAnnotation.swift in Sources */,
				401B3F1B21E5FB8400509EF2 /* UploadsViewController.swift in Sources */,
				DAB7795E21DE7DF400308543 /* PhotoAnnotationView.swift in Sources */,
				DA9F69FD22020474006436F6 /* CheckBox.swift in Sources */,
				DA47325021DA3109003729BB /* TagCellTableViewCell.swift in Sources */,
				DA977F5A21C4E38B00883640 /* ActivityIndicatorButton.swift in Sources */,
				4033274621F0A00D007EE9DF /* Project+CoreDataClass.swift in Sources */,
				DAE790D12285A6A2003B465D /* NetworkState.swift in Sources */,
				4033274821F0A016007EE9DF /* Project+CoreDataProperties.swift in Sources */,
				DAA2706021C922B80058148A /* ProcessingPopup.swift in Sources */,
				4033274A21F5B52D007EE9DF /* SettingsViewController.swift in Sources */,
				DA977F5821C3F25200883640 /* FlashStateButton.swift in Sources */,
				DABA66DD21D23F1D0036CEE7 /* Photo+CoreDataClass.swift in Sources */,
				DA977F0B21C1460F00883640 /* SignInViewController.swift in Sources */,
				DA47324A21D8E62E003729BB /* TagHandler.swift in Sources */,
				DAA5DC7421C655170000B966 /* ProjectModel.swift in Sources */,
				DA977F0921C1460F00883640 /* AppDelegate.swift in Sources */,
				40B296BA21CCD87300A3C487 /* PhotosViewController.swift in Sources */,
				DAB7796221DE8A3900308543 /* Annotation.swift in Sources */,
				DAD922F3222ADD0C00A7A93E /* BackendConnection.swift in Sources */,
				40B296BC21CCE5A000A3C487 /* Slide.swift in Sources */,
			);
			runOnlyForDeploymentPostprocessing = 0;
		};
		DA977F1821C1461100883640 /* Sources */ = {
			isa = PBXSourcesBuildPhase;
			buildActionMask = 2147483647;
			files = (
				DA977F2121C1461100883640 /* SiteSnapTests.swift in Sources */,
			);
			runOnlyForDeploymentPostprocessing = 0;
		};
		DA977F2321C1461100883640 /* Sources */ = {
			isa = PBXSourcesBuildPhase;
			buildActionMask = 2147483647;
			files = (
				DA977F2C21C1461100883640 /* SiteSnapUITests.swift in Sources */,
			);
			runOnlyForDeploymentPostprocessing = 0;
		};
/* End PBXSourcesBuildPhase section */

/* Begin PBXTargetDependency section */
		DA977F1E21C1461100883640 /* PBXTargetDependency */ = {
			isa = PBXTargetDependency;
			target = DA977F0421C1460F00883640 /* SiteSnap */;
			targetProxy = DA977F1D21C1461100883640 /* PBXContainerItemProxy */;
		};
		DA977F2921C1461100883640 /* PBXTargetDependency */ = {
			isa = PBXTargetDependency;
			target = DA977F0421C1460F00883640 /* SiteSnap */;
			targetProxy = DA977F2821C1461100883640 /* PBXContainerItemProxy */;
		};
/* End PBXTargetDependency section */

/* Begin PBXVariantGroup section */
		DA977F1421C1461100883640 /* LaunchScreen.storyboard */ = {
			isa = PBXVariantGroup;
			children = (
				DA977F1521C1461100883640 /* Base */,
			);
			name = LaunchScreen.storyboard;
			sourceTree = "<group>";
		};
		DAA2705B21C8FAB10058148A /* Main.storyboard */ = {
			isa = PBXVariantGroup;
			children = (
				DAA2705C21C8FAB10058148A /* Base */,
			);
			name = Main.storyboard;
			sourceTree = "<group>";
		};
/* End PBXVariantGroup section */

/* Begin XCBuildConfiguration section */
		DA977F2E21C1461100883640 /* Debug */ = {
			isa = XCBuildConfiguration;
			buildSettings = {
				ALWAYS_SEARCH_USER_PATHS = NO;
				CLANG_ANALYZER_NONNULL = YES;
				CLANG_ANALYZER_NUMBER_OBJECT_CONVERSION = YES_AGGRESSIVE;
				CLANG_CXX_LANGUAGE_STANDARD = "gnu++14";
				CLANG_CXX_LIBRARY = "libc++";
				CLANG_ENABLE_MODULES = YES;
				CLANG_ENABLE_OBJC_ARC = YES;
				CLANG_ENABLE_OBJC_WEAK = YES;
				CLANG_WARN_BLOCK_CAPTURE_AUTORELEASING = YES;
				CLANG_WARN_BOOL_CONVERSION = YES;
				CLANG_WARN_COMMA = YES;
				CLANG_WARN_CONSTANT_CONVERSION = YES;
				CLANG_WARN_DEPRECATED_OBJC_IMPLEMENTATIONS = YES;
				CLANG_WARN_DIRECT_OBJC_ISA_USAGE = YES_ERROR;
				CLANG_WARN_DOCUMENTATION_COMMENTS = YES;
				CLANG_WARN_EMPTY_BODY = YES;
				CLANG_WARN_ENUM_CONVERSION = YES;
				CLANG_WARN_INFINITE_RECURSION = YES;
				CLANG_WARN_INT_CONVERSION = YES;
				CLANG_WARN_NON_LITERAL_NULL_CONVERSION = YES;
				CLANG_WARN_OBJC_IMPLICIT_RETAIN_SELF = YES;
				CLANG_WARN_OBJC_LITERAL_CONVERSION = YES;
				CLANG_WARN_OBJC_ROOT_CLASS = YES_ERROR;
				CLANG_WARN_RANGE_LOOP_ANALYSIS = YES;
				CLANG_WARN_STRICT_PROTOTYPES = YES;
				CLANG_WARN_SUSPICIOUS_MOVE = YES;
				CLANG_WARN_UNGUARDED_AVAILABILITY = YES_AGGRESSIVE;
				CLANG_WARN_UNREACHABLE_CODE = YES;
				CLANG_WARN__DUPLICATE_METHOD_MATCH = YES;
				CODE_SIGN_IDENTITY = "iPhone Developer";
				COPY_PHASE_STRIP = NO;
				DEBUG_INFORMATION_FORMAT = dwarf;
				ENABLE_STRICT_OBJC_MSGSEND = YES;
				ENABLE_TESTABILITY = YES;
				GCC_C_LANGUAGE_STANDARD = gnu11;
				GCC_DYNAMIC_NO_PIC = NO;
				GCC_NO_COMMON_BLOCKS = YES;
				GCC_OPTIMIZATION_LEVEL = 0;
				GCC_PREPROCESSOR_DEFINITIONS = (
					"DEBUG=1",
					"$(inherited)",
				);
				GCC_WARN_64_TO_32_BIT_CONVERSION = YES;
				GCC_WARN_ABOUT_RETURN_TYPE = YES_ERROR;
				GCC_WARN_UNDECLARED_SELECTOR = YES;
				GCC_WARN_UNINITIALIZED_AUTOS = YES_AGGRESSIVE;
				GCC_WARN_UNUSED_FUNCTION = YES;
				GCC_WARN_UNUSED_VARIABLE = YES;
				IPHONEOS_DEPLOYMENT_TARGET = 12.1;
				MTL_ENABLE_DEBUG_INFO = INCLUDE_SOURCE;
				MTL_FAST_MATH = YES;
				ONLY_ACTIVE_ARCH = YES;
				SDKROOT = iphoneos;
				SWIFT_ACTIVE_COMPILATION_CONDITIONS = DEBUG;
				SWIFT_OPTIMIZATION_LEVEL = "-Onone";
			};
			name = Debug;
		};
		DA977F2F21C1461100883640 /* Release */ = {
			isa = XCBuildConfiguration;
			buildSettings = {
				ALWAYS_SEARCH_USER_PATHS = NO;
				CLANG_ANALYZER_NONNULL = YES;
				CLANG_ANALYZER_NUMBER_OBJECT_CONVERSION = YES_AGGRESSIVE;
				CLANG_CXX_LANGUAGE_STANDARD = "gnu++14";
				CLANG_CXX_LIBRARY = "libc++";
				CLANG_ENABLE_MODULES = YES;
				CLANG_ENABLE_OBJC_ARC = YES;
				CLANG_ENABLE_OBJC_WEAK = YES;
				CLANG_WARN_BLOCK_CAPTURE_AUTORELEASING = YES;
				CLANG_WARN_BOOL_CONVERSION = YES;
				CLANG_WARN_COMMA = YES;
				CLANG_WARN_CONSTANT_CONVERSION = YES;
				CLANG_WARN_DEPRECATED_OBJC_IMPLEMENTATIONS = YES;
				CLANG_WARN_DIRECT_OBJC_ISA_USAGE = YES_ERROR;
				CLANG_WARN_DOCUMENTATION_COMMENTS = YES;
				CLANG_WARN_EMPTY_BODY = YES;
				CLANG_WARN_ENUM_CONVERSION = YES;
				CLANG_WARN_INFINITE_RECURSION = YES;
				CLANG_WARN_INT_CONVERSION = YES;
				CLANG_WARN_NON_LITERAL_NULL_CONVERSION = YES;
				CLANG_WARN_OBJC_IMPLICIT_RETAIN_SELF = YES;
				CLANG_WARN_OBJC_LITERAL_CONVERSION = YES;
				CLANG_WARN_OBJC_ROOT_CLASS = YES_ERROR;
				CLANG_WARN_RANGE_LOOP_ANALYSIS = YES;
				CLANG_WARN_STRICT_PROTOTYPES = YES;
				CLANG_WARN_SUSPICIOUS_MOVE = YES;
				CLANG_WARN_UNGUARDED_AVAILABILITY = YES_AGGRESSIVE;
				CLANG_WARN_UNREACHABLE_CODE = YES;
				CLANG_WARN__DUPLICATE_METHOD_MATCH = YES;
				CODE_SIGN_IDENTITY = "iPhone Developer";
				COPY_PHASE_STRIP = NO;
				DEBUG_INFORMATION_FORMAT = "dwarf-with-dsym";
				ENABLE_NS_ASSERTIONS = NO;
				ENABLE_STRICT_OBJC_MSGSEND = YES;
				GCC_C_LANGUAGE_STANDARD = gnu11;
				GCC_NO_COMMON_BLOCKS = YES;
				GCC_WARN_64_TO_32_BIT_CONVERSION = YES;
				GCC_WARN_ABOUT_RETURN_TYPE = YES_ERROR;
				GCC_WARN_UNDECLARED_SELECTOR = YES;
				GCC_WARN_UNINITIALIZED_AUTOS = YES_AGGRESSIVE;
				GCC_WARN_UNUSED_FUNCTION = YES;
				GCC_WARN_UNUSED_VARIABLE = YES;
				IPHONEOS_DEPLOYMENT_TARGET = 12.1;
				MTL_ENABLE_DEBUG_INFO = NO;
				MTL_FAST_MATH = YES;
				SDKROOT = iphoneos;
				SWIFT_COMPILATION_MODE = wholemodule;
				SWIFT_OPTIMIZATION_LEVEL = "-O";
				VALIDATE_PRODUCT = YES;
			};
			name = Release;
		};
		DA977F3121C1461100883640 /* Debug */ = {
			isa = XCBuildConfiguration;
			baseConfigurationReference = EB4AC2D94214D4822AE7D8E3 /* Pods-SiteSnap.debug.xcconfig */;
			buildSettings = {
				ASSETCATALOG_COMPILER_APPICON_NAME = AppIcon;
				CODE_SIGN_STYLE = Automatic;
				DEVELOPMENT_TEAM = 85TX4DE8AK;
				INFOPLIST_FILE = SiteSnap/Info.plist;
				IPHONEOS_DEPLOYMENT_TARGET = 12.1;
				LD_RUNPATH_SEARCH_PATHS = (
					"$(inherited)",
					"@executable_path/Frameworks",
				);
				PRODUCT_BUNDLE_IDENTIFIER = ro.duoline.SiteSnap;
				PRODUCT_NAME = "$(TARGET_NAME)";
				SWIFT_VERSION = 5.0;
				TARGETED_DEVICE_FAMILY = "1,2";
			};
			name = Debug;
		};
		DA977F3221C1461100883640 /* Release */ = {
			isa = XCBuildConfiguration;
			baseConfigurationReference = 6A73AA7E3AC6DD8718D48C21 /* Pods-SiteSnap.release.xcconfig */;
			buildSettings = {
				ASSETCATALOG_COMPILER_APPICON_NAME = AppIcon;
				CODE_SIGN_STYLE = Automatic;
				DEVELOPMENT_TEAM = 85TX4DE8AK;
				INFOPLIST_FILE = SiteSnap/Info.plist;
				IPHONEOS_DEPLOYMENT_TARGET = 12.1;
				LD_RUNPATH_SEARCH_PATHS = (
					"$(inherited)",
					"@executable_path/Frameworks",
				);
				PRODUCT_BUNDLE_IDENTIFIER = ro.duoline.SiteSnap;
				PRODUCT_NAME = "$(TARGET_NAME)";
				SWIFT_VERSION = 5.0;
				TARGETED_DEVICE_FAMILY = "1,2";
			};
			name = Release;
		};
		DA977F3421C1461100883640 /* Debug */ = {
			isa = XCBuildConfiguration;
			baseConfigurationReference = AD448BB73B0722A794A046E3 /* Pods-SiteSnapTests.debug.xcconfig */;
			buildSettings = {
				ALWAYS_EMBED_SWIFT_STANDARD_LIBRARIES = YES;
				BUNDLE_LOADER = "$(TEST_HOST)";
				CODE_SIGN_STYLE = Automatic;
				DEVELOPMENT_TEAM = 85TX4DE8AK;
				INFOPLIST_FILE = SiteSnapTests/Info.plist;
				LD_RUNPATH_SEARCH_PATHS = (
					"$(inherited)",
					"@executable_path/Frameworks",
					"@loader_path/Frameworks",
				);
				PRODUCT_BUNDLE_IDENTIFIER = ro.duoline.SiteSnapTests;
				PRODUCT_NAME = "$(TARGET_NAME)";
				SWIFT_VERSION = 4.2;
				TARGETED_DEVICE_FAMILY = "1,2";
				TEST_HOST = "$(BUILT_PRODUCTS_DIR)/SiteSnap.app/SiteSnap";
			};
			name = Debug;
		};
		DA977F3521C1461100883640 /* Release */ = {
			isa = XCBuildConfiguration;
			baseConfigurationReference = B694197D45F977E7140AA1E8 /* Pods-SiteSnapTests.release.xcconfig */;
			buildSettings = {
				ALWAYS_EMBED_SWIFT_STANDARD_LIBRARIES = YES;
				BUNDLE_LOADER = "$(TEST_HOST)";
				CODE_SIGN_STYLE = Automatic;
				DEVELOPMENT_TEAM = 85TX4DE8AK;
				INFOPLIST_FILE = SiteSnapTests/Info.plist;
				LD_RUNPATH_SEARCH_PATHS = (
					"$(inherited)",
					"@executable_path/Frameworks",
					"@loader_path/Frameworks",
				);
				PRODUCT_BUNDLE_IDENTIFIER = ro.duoline.SiteSnapTests;
				PRODUCT_NAME = "$(TARGET_NAME)";
				SWIFT_VERSION = 4.2;
				TARGETED_DEVICE_FAMILY = "1,2";
				TEST_HOST = "$(BUILT_PRODUCTS_DIR)/SiteSnap.app/SiteSnap";
			};
			name = Release;
		};
		DA977F3721C1461100883640 /* Debug */ = {
			isa = XCBuildConfiguration;
			baseConfigurationReference = 8F546AE8E44AB36E527F9A39 /* Pods-SiteSnapUITests.debug.xcconfig */;
			buildSettings = {
				ALWAYS_EMBED_SWIFT_STANDARD_LIBRARIES = YES;
				CODE_SIGN_STYLE = Automatic;
				DEVELOPMENT_TEAM = 85TX4DE8AK;
				INFOPLIST_FILE = SiteSnapUITests/Info.plist;
				LD_RUNPATH_SEARCH_PATHS = (
					"$(inherited)",
					"@executable_path/Frameworks",
					"@loader_path/Frameworks",
				);
				PRODUCT_BUNDLE_IDENTIFIER = ro.duoline.SiteSnapUITests;
				PRODUCT_NAME = "$(TARGET_NAME)";
				SWIFT_VERSION = 4.2;
				TARGETED_DEVICE_FAMILY = "1,2";
				TEST_TARGET_NAME = SiteSnap;
			};
			name = Debug;
		};
		DA977F3821C1461100883640 /* Release */ = {
			isa = XCBuildConfiguration;
			baseConfigurationReference = A667BD70F929A9FE7CC99171 /* Pods-SiteSnapUITests.release.xcconfig */;
			buildSettings = {
				ALWAYS_EMBED_SWIFT_STANDARD_LIBRARIES = YES;
				CODE_SIGN_STYLE = Automatic;
				DEVELOPMENT_TEAM = 85TX4DE8AK;
				INFOPLIST_FILE = SiteSnapUITests/Info.plist;
				LD_RUNPATH_SEARCH_PATHS = (
					"$(inherited)",
					"@executable_path/Frameworks",
					"@loader_path/Frameworks",
				);
				PRODUCT_BUNDLE_IDENTIFIER = ro.duoline.SiteSnapUITests;
				PRODUCT_NAME = "$(TARGET_NAME)";
				SWIFT_VERSION = 4.2;
				TARGETED_DEVICE_FAMILY = "1,2";
				TEST_TARGET_NAME = SiteSnap;
			};
			name = Release;
		};
/* End XCBuildConfiguration section */

/* Begin XCConfigurationList section */
		DA977F0021C1460F00883640 /* Build configuration list for PBXProject "SiteSnap" */ = {
			isa = XCConfigurationList;
			buildConfigurations = (
				DA977F2E21C1461100883640 /* Debug */,
				DA977F2F21C1461100883640 /* Release */,
			);
			defaultConfigurationIsVisible = 0;
			defaultConfigurationName = Release;
		};
		DA977F3021C1461100883640 /* Build configuration list for PBXNativeTarget "SiteSnap" */ = {
			isa = XCConfigurationList;
			buildConfigurations = (
				DA977F3121C1461100883640 /* Debug */,
				DA977F3221C1461100883640 /* Release */,
			);
			defaultConfigurationIsVisible = 0;
			defaultConfigurationName = Release;
		};
		DA977F3321C1461100883640 /* Build configuration list for PBXNativeTarget "SiteSnapTests" */ = {
			isa = XCConfigurationList;
			buildConfigurations = (
				DA977F3421C1461100883640 /* Debug */,
				DA977F3521C1461100883640 /* Release */,
			);
			defaultConfigurationIsVisible = 0;
			defaultConfigurationName = Release;
		};
		DA977F3621C1461100883640 /* Build configuration list for PBXNativeTarget "SiteSnapUITests" */ = {
			isa = XCConfigurationList;
			buildConfigurations = (
				DA977F3721C1461100883640 /* Debug */,
				DA977F3821C1461100883640 /* Release */,
			);
			defaultConfigurationIsVisible = 0;
			defaultConfigurationName = Release;
		};
/* End XCConfigurationList section */

/* Begin XCVersionGroup section */
		DA977F0F21C1460F00883640 /* SiteSnap.xcdatamodeld */ = {
			isa = XCVersionGroup;
			children = (
				DA977F1021C1460F00883640 /* SiteSnap.xcdatamodel */,
			);
			currentVersion = DA977F1021C1460F00883640 /* SiteSnap.xcdatamodel */;
			path = SiteSnap.xcdatamodeld;
			sourceTree = "<group>";
			versionGroupType = wrapper.xcdatamodel;
		};
/* End XCVersionGroup section */
	};
	rootObject = DA977EFD21C1460F00883640 /* Project object */;
}
